
Microsoft Visual Studio Solution File, Format Version 12.00
# Visual Studio Version 17
VisualStudioVersion = 17.0.31903.59
MinimumVisualStudioVersion = 10.0.40219.1
Project("{9A19103F-16F7-4668-BE54-9A1E7A4F7556}") = "CSharpConsoleApp", "CSharpConsoleApp\CSharpConsoleApp.csproj", "{9C777ECC-C1A6-4B75-AF51-00D30689A0CA}"
	ProjectSection(ProjectDependencies) = postProject
		{0312467B-4442-4BE5-9C22-9D0AFAC1C522} = {0312467B-4442-4BE5-9C22-9D0AFAC1C522}
	EndProjectSection
EndProject
Project("{9A19103F-16F7-4668-BE54-9A1E7A4F7556}") = "QSharpConsoleApp", "QSharpConsoleApp\QSharpConsoleApp.csproj", "{B6197CB5-4D15-426E-BA6E-B60C722E4CEF}"
EndProject
Project("{6EC3EE1D-3C4E-46DD-8F32-0CC8E7565705}") = "FSharpClassLibrary", "FSharpClassLibrary\FSharpClassLibrary.fsproj", "{FD2C8C8C-446F-4461-8E3A-D8A8587D49CA}"
EndProject
Project("{9A19103F-16F7-4668-BE54-9A1E7A4F7556}") = "QSharpLibrary", "QSharpLibrary\QSharpLibrary.csproj", "{54A850B9-ED4D-4950-8C1F-1EF086ECA999}"
EndProject
Project("{9A19103F-16F7-4668-BE54-9A1E7A4F7556}") = "CSharpClassLibrary", "CSharpClassLibrary\CSharpClassLibrary.csproj", "{1918D848-B57B-4E4E-9C0F-6BFA19D573DB}"
EndProject
Project("{9A19103F-16F7-4668-BE54-9A1E7A4F7556}") = "XUnitTestProject", "XUnitTestProject\XUnitTestProject.csproj", "{38B75116-B3E3-4659-89EB-57A3D320F351}"
EndProject
Project("{8BC9CEB8-8B4A-11D0-8D11-00A0C91BC942}") = "NativeClassLibrary", "NativeClassLibrary\NativeClassLibrary.vs.vcxproj", "{0312467B-4442-4BE5-9C22-9D0AFAC1C522}"
EndProject
Project("{6EC3EE1D-3C4E-46DD-8F32-0CC8E7565705}") = "FSharpConsoleApp", "FSharpConsoleApp\FSharpConsoleApp.fsproj", "{83F49E72-E6D2-4C06-96F7-B3C9AF6BCA3B}"
EndProject
Project("{8BC9CEB8-8B4A-11D0-8D11-00A0C91BC942}") = "EmbedMono", "EmbedMono\EmbedMono.vcxproj", "{6CB29899-D7E8-484B-ACE9-A2FECEC1670B}"
EndProject
Project("{9A19103F-16F7-4668-BE54-9A1E7A4F7556}") = "MSUnitTestProject", "MSUnitTestProject\MSUnitTestProject.csproj", "{29A201CC-5A78-4339-AFD7-6EDBFB54BC9F}"
EndProject
Project("{9A19103F-16F7-4668-BE54-9A1E7A4F7556}") = "LearningAzureSearch", "LearningAzureSearch\LearningAzureSearch.csproj", "{A00E1B0E-5845-4E9D-B946-9DAD8F0B0299}"
EndProject
Project("{151D2E53-A2C4-4D7D-83FE-D05416EBD58E}") = "AzureResourceGroup1", "AzureResourceGroup1\AzureResourceGroup1.deployproj", "{3E55FB68-80F3-43B9-A661-47AE0BB0A2CB}"
EndProject
Project("{9A19103F-16F7-4668-BE54-9A1E7A4F7556}") = "WebAPI", "WebAPI\WebAPI.csproj", "{DD6FB3AC-C959-49B4-941A-83EC5F45220F}"
EndProject
Project("{9A19103F-16F7-4668-BE54-9A1E7A4F7556}") = "DontRunMe", "DontRunMe\DontRunMe.csproj", "{379461E0-90D0-48B5-A593-39173923EFD1}"
EndProject
Project("{9A19103F-16F7-4668-BE54-9A1E7A4F7556}") = "PythonInterop", "PythonInterop\PythonInterop.csproj", "{19317F37-18D8-4FE2-8866-D3B55FFAB3B7}"
EndProject
Project("{2150E333-8FDC-42A3-9474-1A3956D46DE8}") = "Blazor", "Blazor", "{B593D92E-7658-4242-A04E-E4A21C158882}"
EndProject
Project("{9A19103F-16F7-4668-BE54-9A1E7A4F7556}") = "BlazorWebAssemblyApp.Server", "Blazor\BlazorWebAssemblyApp\Server\BlazorWebAssemblyApp.Server.csproj", "{6D14A6EC-1922-4C03-88C3-FF4D70A48D2E}"
EndProject
Project("{9A19103F-16F7-4668-BE54-9A1E7A4F7556}") = "BlazorWebAssemblyApp.Client", "Blazor\BlazorWebAssemblyApp\Client\BlazorWebAssemblyApp.Client.csproj", "{76874A36-8E2D-4CF5-9A4A-3B75C6A86626}"
EndProject
Project("{9A19103F-16F7-4668-BE54-9A1E7A4F7556}") = "BlazorWebAssemblyApp.Shared", "Blazor\BlazorWebAssemblyApp\Shared\BlazorWebAssemblyApp.Shared.csproj", "{05CA06D1-4ED9-4BC6-BBA2-4EADC49ED2AE}"
EndProject
Project("{9A19103F-16F7-4668-BE54-9A1E7A4F7556}") = "BenchmarkApp", "ConsoleApp1\BenchmarkApp.csproj", "{F596DAB0-8B4E-401D-953C-C68D78FD160B}"
	ProjectSection(ProjectDependencies) = postProject
		{C4015EFC-3B29-45B1-9873-527719BDCDB2} = {C4015EFC-3B29-45B1-9873-527719BDCDB2}
	EndProjectSection
EndProject
Project("{2150E333-8FDC-42A3-9474-1A3956D46DE8}") = "One", "One", "{060D0E81-AF8D-452B-9746-A27621001C39}"
EndProject
Project("{2150E333-8FDC-42A3-9474-1A3956D46DE8}") = "Two", "Two", "{91A60B57-4D72-402E-A70D-1D105158B03D}"
EndProject
Project("{2150E333-8FDC-42A3-9474-1A3956D46DE8}") = "Three", "Three", "{6F49E1A8-CC43-4EE4-AFBD-19A9176D332D}"
EndProject
Project("{2150E333-8FDC-42A3-9474-1A3956D46DE8}") = "Four", "Four", "{BD7780F5-E74D-42F0-BDD2-0AC58CDC155D}"
EndProject
Project("{9A19103F-16F7-4668-BE54-9A1E7A4F7556}") = "BlazorServerApp", "BlazorServerApp\BlazorServerApp.csproj", "{0554C287-5755-43DB-81A2-7E33BE73376C}"
EndProject
Project("{9A19103F-16F7-4668-BE54-9A1E7A4F7556}") = "VeryComplicatedBlazorApp.Server", "Blazor\VeryComplicatedBlazorApp\Server\VeryComplicatedBlazorApp.Server.csproj", "{49A5BBC8-6DFD-449C-AAA0-A5228B022679}"
EndProject
Project("{9A19103F-16F7-4668-BE54-9A1E7A4F7556}") = "VeryComplicatedBlazorApp.Client", "Blazor\VeryComplicatedBlazorApp\Client\VeryComplicatedBlazorApp.Client.csproj", "{CD5C98B1-29A6-4C6E-942A-4350EB43B45B}"
EndProject
Project("{9A19103F-16F7-4668-BE54-9A1E7A4F7556}") = "VeryComplicatedBlazorApp.Shared", "Blazor\VeryComplicatedBlazorApp\Shared\VeryComplicatedBlazorApp.Shared.csproj", "{4E7F8B5B-3D5D-4F09-A7C1-8AE94C1B6F2A}"
EndProject
Project("{9A19103F-16F7-4668-BE54-9A1E7A4F7556}") = "VeryComplicatedBlazorApp.Domain", "Blazor\VeryComplicatedBlazorApp\VeryComplicatedBlazorApp.Domain\VeryComplicatedBlazorApp.Domain.csproj", "{EE8071DF-E394-4821-B593-5DBF8086FE13}"
EndProject
Project("{9A19103F-16F7-4668-BE54-9A1E7A4F7556}") = "VeryComplicatedBlazorApp.Infrastructure", "Blazor\VeryComplicatedBlazorApp\VeryComplicatedBlazorApp.Infrastructure\VeryComplicatedBlazorApp.Infrastructure.csproj", "{301022B4-3510-4E50-A64D-EF715A08298B}"
EndProject
Project("{9A19103F-16F7-4668-BE54-9A1E7A4F7556}") = "VeryComplicatedBlazorApp.Application", "Blazor\VeryComplicatedBlazorApp\VeryComplicatedBlazorApp.Application\VeryComplicatedBlazorApp.Application\VeryComplicatedBlazorApp.Application.csproj", "{2E315D13-59EB-4980-A58F-B4B335C7CC74}"
EndProject
Project("{9A19103F-16F7-4668-BE54-9A1E7A4F7556}") = "VeryComplicatedBlazorApp.InventoryBoundedContext", "Blazor\VeryComplicatedBlazorApp\VeryComplicatedBlazorApp.InventoryBoundedContext\VeryComplicatedBlazorApp.InventoryBoundedContext.csproj", "{FD3F8B32-6EC9-4249-AC27-A5F39652B0DA}"
EndProject
Project("{9A19103F-16F7-4668-BE54-9A1E7A4F7556}") = "AzureServices", "AzureSearchIndxer\AzureServices.csproj", "{C4015EFC-3B29-45B1-9873-527719BDCDB2}"
EndProject
Project("{9A19103F-16F7-4668-BE54-9A1E7A4F7556}") = "AzureFunctionAppDI", "AzureFunctionAppDI\AzureFunctionAppDI.csproj", "{ABD2C2CA-FD2A-43A9-9BEE-B983ECDC224B}"
EndProject
Project("{9A19103F-16F7-4668-BE54-9A1E7A4F7556}") = "EFCoreTesting", "EFCoreTesting\EFCoreTesting.csproj", "{0344D074-C8B9-48F6-9C17-21D41443C4BE}"
EndProject
Project("{9A19103F-16F7-4668-BE54-9A1E7A4F7556}") = "WinFormsApp1", "WinFormsApp1\WinFormsApp1.csproj", "{7B01EA9E-93B5-4CF3-9203-C6C3EA89F02F}"
EndProject
Project("{2150E333-8FDC-42A3-9474-1A3956D46DE8}") = "Web", "Web", "{E6089DFE-178E-468D-BE53-D53F9CF3513A}"
EndProject
Project("{9A19103F-16F7-4668-BE54-9A1E7A4F7556}") = "WebApplication1", "Web\WebApplication1\WebApplication1.csproj", "{68E27E08-8D8A-47B2-B8C8-69C687823A22}"
EndProject
Project("{9A19103F-16F7-4668-BE54-9A1E7A4F7556}") = "TestProject1", "TestProject1\TestProject1.csproj", "{B17F221D-BF90-4FC4-B6B7-EBDE20EA7ECE}"
EndProject
Project("{9A19103F-16F7-4668-BE54-9A1E7A4F7556}") = "FluxorBlazorApp", "FluxorBlazorApp\FluxorBlazorApp.csproj", "{ECBB92E0-778C-47A5-BF81-E6D3574E6F8D}"
EndProject
Project("{2150E333-8FDC-42A3-9474-1A3956D46DE8}") = "Combine", "Combine", "{B19398E9-1392-48AA-AF05-49EE818EA5AB}"
EndProject
Project("{9A19103F-16F7-4668-BE54-9A1E7A4F7556}") = "RealTimeBlazorWebassemblyApp.Server", "Combine\RealTimeBlazorWebassemblyApp\Server\RealTimeBlazorWebassemblyApp.Server.csproj", "{6031F601-052E-496F-897C-722C07A4BA74}"
EndProject
Project("{9A19103F-16F7-4668-BE54-9A1E7A4F7556}") = "RealTimeBlazorWebassemblyApp.Client", "Combine\RealTimeBlazorWebassemblyApp\Client\RealTimeBlazorWebassemblyApp.Client.csproj", "{ADB0C36E-FC20-46D8-AD33-89D9F81191E2}"
EndProject
Project("{9A19103F-16F7-4668-BE54-9A1E7A4F7556}") = "RealTimeBlazorWebassemblyApp.Shared", "Combine\RealTimeBlazorWebassemblyApp\Shared\RealTimeBlazorWebassemblyApp.Shared.csproj", "{6A03F4FE-30E7-4BA4-B80C-B98397A98599}"
EndProject
Project("{9A19103F-16F7-4668-BE54-9A1E7A4F7556}") = "RealTimeFunctionApp", "Combine\RealTimeFunctionApp\RealTimeFunctionApp.csproj", "{51E6DEF9-AF48-422F-9347-9A2356788A08}"
EndProject
Project("{9A19103F-16F7-4668-BE54-9A1E7A4F7556}") = "RealTimeFunctionAppOld", "Combine\RealTimeFunctionAppOld\RealTimeFunctionAppOld.csproj", "{B5F0A83D-D1C3-41A1-A241-ADB30B19AEE1}"
EndProject
Project("{6EC3EE1D-3C4E-46DD-8F32-0CC8E7565705}") = "ConsoleApp2", "ConsoleApp2\ConsoleApp2.fsproj", "{C8D7809B-F77B-4317-ACB2-A60585DF9A34}"
EndProject
Project("{9A19103F-16F7-4668-BE54-9A1E7A4F7556}") = "BlazorApp1", "Blazor\BlazorApp1\BlazorApp1.csproj", "{82265025-3515-4E1E-9221-FB2892D1F7AE}"
EndProject
Project("{9A19103F-16F7-4668-BE54-9A1E7A4F7556}") = "ConsoleApp1", "Image\ConsoleApp1\ConsoleApp1.csproj", "{54A94FCE-4361-4024-BB36-75FC30D610AB}"
EndProject
Project("{9A19103F-16F7-4668-BE54-9A1E7A4F7556}") = "BitWiseOperation", "BitWiseOperation\BitWiseOperation.csproj", "{96C68015-0796-4A81-A271-AB3BB8AE4911}"
EndProject
Project("{2150E333-8FDC-42A3-9474-1A3956D46DE8}") = "LLVM", "LLVM", "{02627A78-D51F-4B36-AA5D-C221E6E90347}"
EndProject
Project("{9A19103F-16F7-4668-BE54-9A1E7A4F7556}") = "LLVMApp", "LLVMApp\LLVMApp.csproj", "{AC40BC43-5D67-451D-ADEE-9329F05D2082}"
EndProject
Project("{9A19103F-16F7-4668-BE54-9A1E7A4F7556}") = "ConsoleApp3", "ConsoleApp3\ConsoleApp3.csproj", "{D025F297-7F6C-4AFD-9DF6-263AE7F23DF6}"
EndProject
Project("{9A19103F-16F7-4668-BE54-9A1E7A4F7556}") = "WebApplication2", "WebApplication2\WebApplication2.csproj", "{955BB1E1-F777-49EC-BD04-C61559679EEB}"
EndProject
Project("{9A19103F-16F7-4668-BE54-9A1E7A4F7556}") = "BlazorApp2", "BlazorApp2\BlazorApp2.csproj", "{2CC13608-6DC3-41CB-BDF7-1A203A5E0AD0}"
EndProject
Project("{9A19103F-16F7-4668-BE54-9A1E7A4F7556}") = "MyTeamsApp1", "MyTeamsApp1\MyTeamsApp1.csproj", "{350B82B6-D8B5-4BDA-8829-342EBB5B2A09}"
EndProject
Project("{9A19103F-16F7-4668-BE54-9A1E7A4F7556}") = "ConsoleApp4", "ConsoleApp4\ConsoleApp4.csproj", "{CC06807A-D2F4-4240-B235-C0E3E9126E58}"
EndProject
Project("{9A19103F-16F7-4668-BE54-9A1E7A4F7556}") = "FuzzyMath", "FuzzyMath\FuzzyMath.csproj", "{28C46DBF-71AC-49DB-9E24-2577C9C1653A}"
EndProject
Project("{9A19103F-16F7-4668-BE54-9A1E7A4F7556}") = "FunctionalApp", "FunctionalApp\FunctionalApp.csproj", "{7FE1F674-A395-4C48-B61C-D596E3A52B4F}"
EndProject
Project("{9A19103F-16F7-4668-BE54-9A1E7A4F7556}") = "CustomSourceGenerator", "CustomSourceGenerator\CustomSourceGenerator.csproj", "{50E2A780-E782-4778-91BF-074E0AB1B4F2}"
EndProject
Project("{9A19103F-16F7-4668-BE54-9A1E7A4F7556}") = "SourceGenerator", "SourceGenerator\SourceGenerator.csproj", "{1196A96E-61D2-4514-95EA-E2358E52524C}"
EndProject
Project("{9A19103F-16F7-4668-BE54-9A1E7A4F7556}") = "EdgeDriverTest1", "EdgeDriverTest1\EdgeDriverTest1.csproj", "{580D8CD5-B00D-4835-A6DB-DCFC1D26F671}"
EndProject
Project("{2150E333-8FDC-42A3-9474-1A3956D46DE8}") = "SQL", "SQL", "{E370BD31-AF68-415B-9E33-FE2AB6B79220}"
EndProject
Project("{9A19103F-16F7-4668-BE54-9A1E7A4F7556}") = "ConsoleApp6", "ConsoleApp6\ConsoleApp6.csproj", "{EE8B8326-6973-4F9B-9234-7FDCE0E022A8}"
EndProject
Project("{2150E333-8FDC-42A3-9474-1A3956D46DE8}") = "Parser", "Parser", "{1CB6627C-BE39-4801-A67C-596FE989F063}"
EndProject
Project("{9A19103F-16F7-4668-BE54-9A1E7A4F7556}") = "Parsers", "Parsers\Parsers.csproj", "{158E3DB0-31B6-4615-8AE2-2885DF7F6853}"
EndProject
Project("{2150E333-8FDC-42A3-9474-1A3956D46DE8}") = "Five", "Five", "{EF149CA4-F8EE-4972-AFEF-5303E1C57451}"
EndProject
Project("{9A19103F-16F7-4668-BE54-9A1E7A4F7556}") = "FluxorBlazorWebAssemblyApp.Server", "FluxorBlazorWebAssemblyApp\Server\FluxorBlazorWebAssemblyApp.Server.csproj", "{F55A3A5F-A764-4A17-8566-0A71F1BF801F}"
EndProject
Project("{9A19103F-16F7-4668-BE54-9A1E7A4F7556}") = "FluxorBlazorWebAssemblyApp.Client", "FluxorBlazorWebAssemblyApp\Client\FluxorBlazorWebAssemblyApp.Client.csproj", "{12D32257-4D54-4CE3-826B-F528DF83476C}"
EndProject
Project("{9A19103F-16F7-4668-BE54-9A1E7A4F7556}") = "FluxorBlazorWebAssemblyApp.Shared", "FluxorBlazorWebAssemblyApp\Shared\FluxorBlazorWebAssemblyApp.Shared.csproj", "{92D25CF6-E4F9-44FC-ABB8-7BC3F5AF248B}"
EndProject
Project("{9A19103F-16F7-4668-BE54-9A1E7A4F7556}") = "BlazorApp3", "BlazorApp3\BlazorApp3.csproj", "{67D4AB08-7652-4851-8362-85009147E968}"
EndProject
Project("{9A19103F-16F7-4668-BE54-9A1E7A4F7556}") = "WebApplication3", "WebApplication3\WebApplication3.csproj", "{A5E00821-AEE5-4AE5-818F-F6E9B058BCF8}"
EndProject
Project("{9A19103F-16F7-4668-BE54-9A1E7A4F7556}") = "ConsoleApp7", "ConsoleApp7\ConsoleApp7.csproj", "{56343E4D-A968-426E-8D0F-31EB30D0170F}"
EndProject
Project("{9A19103F-16F7-4668-BE54-9A1E7A4F7556}") = "CosmosDBClient", "CosmosDBClient\CosmosDBClient.csproj", "{2FF3F5D5-C98F-4B00-98BD-CFA76C06CF1D}"
EndProject
Project("{9A19103F-16F7-4668-BE54-9A1E7A4F7556}") = "FunctionApp1", "FunctionApp1\FunctionApp1.csproj", "{43A3BA76-BB5F-433E-B006-81F1FC807701}"
EndProject
Project("{9A19103F-16F7-4668-BE54-9A1E7A4F7556}") = "FunctionApp2", "FunctionApp2\FunctionApp2.csproj", "{0E48C6C5-FB28-4709-B210-027DD5B7D3BA}"
EndProject
Project("{9A19103F-16F7-4668-BE54-9A1E7A4F7556}") = "HL7", "HL7\HL7.csproj", "{E6E7FED7-C316-42F5-AC05-15D180314E86}"
EndProject
Project("{9A19103F-16F7-4668-BE54-9A1E7A4F7556}") = "CSharp12", "CSharp12\CSharp12.csproj", "{5EC12E84-0F7C-4084-91CE-15A056B50CB9}"
EndProject
Project("{9A19103F-16F7-4668-BE54-9A1E7A4F7556}") = "ConsoleApp8", "ConsoleApp8\ConsoleApp8.csproj", "{6180E92C-3690-443F-842C-F95B56E2153B}"
EndProject
Project("{FAE04EC0-301F-11D3-BF4B-00C04F79EFBC}") = "ConsoleApp5", "ConsoleApp5\ConsoleApp5.csproj", "{D3EE99A7-EB44-4745-B7E7-42038D706196}"
EndProject
Project("{FAE04EC0-301F-11D3-BF4B-00C04F79EFBC}") = "TestProject2", "TestProject2\TestProject2.csproj", "{91846FA5-9A31-46A3-85EB-74998B019691}"
EndProject
Global
	GlobalSection(SolutionConfigurationPlatforms) = preSolution
		Debug|Any CPU = Debug|Any CPU
		Debug|x64 = Debug|x64
		Debug|x86 = Debug|x86
		Release|Any CPU = Release|Any CPU
		Release|x64 = Release|x64
		Release|x86 = Release|x86
	EndGlobalSection
	GlobalSection(ProjectConfigurationPlatforms) = postSolution
		{9C777ECC-C1A6-4B75-AF51-00D30689A0CA}.Debug|Any CPU.ActiveCfg = Debug|Any CPU
		{9C777ECC-C1A6-4B75-AF51-00D30689A0CA}.Debug|Any CPU.Build.0 = Debug|Any CPU
		{9C777ECC-C1A6-4B75-AF51-00D30689A0CA}.Debug|x64.ActiveCfg = Debug|Any CPU
		{9C777ECC-C1A6-4B75-AF51-00D30689A0CA}.Debug|x64.Build.0 = Debug|Any CPU
		{9C777ECC-C1A6-4B75-AF51-00D30689A0CA}.Debug|x86.ActiveCfg = Debug|Any CPU
		{9C777ECC-C1A6-4B75-AF51-00D30689A0CA}.Debug|x86.Build.0 = Debug|Any CPU
		{9C777ECC-C1A6-4B75-AF51-00D30689A0CA}.Release|Any CPU.ActiveCfg = Release|Any CPU
		{9C777ECC-C1A6-4B75-AF51-00D30689A0CA}.Release|Any CPU.Build.0 = Release|Any CPU
		{9C777ECC-C1A6-4B75-AF51-00D30689A0CA}.Release|x64.ActiveCfg = Release|Any CPU
		{9C777ECC-C1A6-4B75-AF51-00D30689A0CA}.Release|x64.Build.0 = Release|Any CPU
		{9C777ECC-C1A6-4B75-AF51-00D30689A0CA}.Release|x86.ActiveCfg = Release|Any CPU
		{9C777ECC-C1A6-4B75-AF51-00D30689A0CA}.Release|x86.Build.0 = Release|Any CPU
		{B6197CB5-4D15-426E-BA6E-B60C722E4CEF}.Debug|Any CPU.ActiveCfg = Debug|Any CPU
		{B6197CB5-4D15-426E-BA6E-B60C722E4CEF}.Debug|Any CPU.Build.0 = Debug|Any CPU
		{B6197CB5-4D15-426E-BA6E-B60C722E4CEF}.Debug|x64.ActiveCfg = Debug|Any CPU
		{B6197CB5-4D15-426E-BA6E-B60C722E4CEF}.Debug|x64.Build.0 = Debug|Any CPU
		{B6197CB5-4D15-426E-BA6E-B60C722E4CEF}.Debug|x86.ActiveCfg = Debug|Any CPU
		{B6197CB5-4D15-426E-BA6E-B60C722E4CEF}.Debug|x86.Build.0 = Debug|Any CPU
		{B6197CB5-4D15-426E-BA6E-B60C722E4CEF}.Release|Any CPU.ActiveCfg = Release|Any CPU
		{B6197CB5-4D15-426E-BA6E-B60C722E4CEF}.Release|Any CPU.Build.0 = Release|Any CPU
		{B6197CB5-4D15-426E-BA6E-B60C722E4CEF}.Release|x64.ActiveCfg = Release|Any CPU
		{B6197CB5-4D15-426E-BA6E-B60C722E4CEF}.Release|x64.Build.0 = Release|Any CPU
		{B6197CB5-4D15-426E-BA6E-B60C722E4CEF}.Release|x86.ActiveCfg = Release|Any CPU
		{B6197CB5-4D15-426E-BA6E-B60C722E4CEF}.Release|x86.Build.0 = Release|Any CPU
		{FD2C8C8C-446F-4461-8E3A-D8A8587D49CA}.Debug|Any CPU.ActiveCfg = Debug|Any CPU
		{FD2C8C8C-446F-4461-8E3A-D8A8587D49CA}.Debug|Any CPU.Build.0 = Debug|Any CPU
		{FD2C8C8C-446F-4461-8E3A-D8A8587D49CA}.Debug|x64.ActiveCfg = Debug|Any CPU
		{FD2C8C8C-446F-4461-8E3A-D8A8587D49CA}.Debug|x64.Build.0 = Debug|Any CPU
		{FD2C8C8C-446F-4461-8E3A-D8A8587D49CA}.Debug|x86.ActiveCfg = Debug|Any CPU
		{FD2C8C8C-446F-4461-8E3A-D8A8587D49CA}.Debug|x86.Build.0 = Debug|Any CPU
		{FD2C8C8C-446F-4461-8E3A-D8A8587D49CA}.Release|Any CPU.ActiveCfg = Release|Any CPU
		{FD2C8C8C-446F-4461-8E3A-D8A8587D49CA}.Release|Any CPU.Build.0 = Release|Any CPU
		{FD2C8C8C-446F-4461-8E3A-D8A8587D49CA}.Release|x64.ActiveCfg = Release|Any CPU
		{FD2C8C8C-446F-4461-8E3A-D8A8587D49CA}.Release|x64.Build.0 = Release|Any CPU
		{FD2C8C8C-446F-4461-8E3A-D8A8587D49CA}.Release|x86.ActiveCfg = Release|Any CPU
		{FD2C8C8C-446F-4461-8E3A-D8A8587D49CA}.Release|x86.Build.0 = Release|Any CPU
		{54A850B9-ED4D-4950-8C1F-1EF086ECA999}.Debug|Any CPU.ActiveCfg = Debug|Any CPU
		{54A850B9-ED4D-4950-8C1F-1EF086ECA999}.Debug|Any CPU.Build.0 = Debug|Any CPU
		{54A850B9-ED4D-4950-8C1F-1EF086ECA999}.Debug|x64.ActiveCfg = Debug|Any CPU
		{54A850B9-ED4D-4950-8C1F-1EF086ECA999}.Debug|x64.Build.0 = Debug|Any CPU
		{54A850B9-ED4D-4950-8C1F-1EF086ECA999}.Debug|x86.ActiveCfg = Debug|Any CPU
		{54A850B9-ED4D-4950-8C1F-1EF086ECA999}.Debug|x86.Build.0 = Debug|Any CPU
		{54A850B9-ED4D-4950-8C1F-1EF086ECA999}.Release|Any CPU.ActiveCfg = Release|Any CPU
		{54A850B9-ED4D-4950-8C1F-1EF086ECA999}.Release|Any CPU.Build.0 = Release|Any CPU
		{54A850B9-ED4D-4950-8C1F-1EF086ECA999}.Release|x64.ActiveCfg = Release|Any CPU
		{54A850B9-ED4D-4950-8C1F-1EF086ECA999}.Release|x64.Build.0 = Release|Any CPU
		{54A850B9-ED4D-4950-8C1F-1EF086ECA999}.Release|x86.ActiveCfg = Release|Any CPU
		{54A850B9-ED4D-4950-8C1F-1EF086ECA999}.Release|x86.Build.0 = Release|Any CPU
		{1918D848-B57B-4E4E-9C0F-6BFA19D573DB}.Debug|Any CPU.ActiveCfg = Debug|Any CPU
		{1918D848-B57B-4E4E-9C0F-6BFA19D573DB}.Debug|Any CPU.Build.0 = Debug|Any CPU
		{1918D848-B57B-4E4E-9C0F-6BFA19D573DB}.Debug|x64.ActiveCfg = Debug|Any CPU
		{1918D848-B57B-4E4E-9C0F-6BFA19D573DB}.Debug|x64.Build.0 = Debug|Any CPU
		{1918D848-B57B-4E4E-9C0F-6BFA19D573DB}.Debug|x86.ActiveCfg = Debug|Any CPU
		{1918D848-B57B-4E4E-9C0F-6BFA19D573DB}.Debug|x86.Build.0 = Debug|Any CPU
		{1918D848-B57B-4E4E-9C0F-6BFA19D573DB}.Release|Any CPU.ActiveCfg = Release|Any CPU
		{1918D848-B57B-4E4E-9C0F-6BFA19D573DB}.Release|Any CPU.Build.0 = Release|Any CPU
		{1918D848-B57B-4E4E-9C0F-6BFA19D573DB}.Release|x64.ActiveCfg = Release|Any CPU
		{1918D848-B57B-4E4E-9C0F-6BFA19D573DB}.Release|x64.Build.0 = Release|Any CPU
		{1918D848-B57B-4E4E-9C0F-6BFA19D573DB}.Release|x86.ActiveCfg = Release|Any CPU
		{1918D848-B57B-4E4E-9C0F-6BFA19D573DB}.Release|x86.Build.0 = Release|Any CPU
		{38B75116-B3E3-4659-89EB-57A3D320F351}.Debug|Any CPU.ActiveCfg = Debug|Any CPU
		{38B75116-B3E3-4659-89EB-57A3D320F351}.Debug|Any CPU.Build.0 = Debug|Any CPU
		{38B75116-B3E3-4659-89EB-57A3D320F351}.Debug|x64.ActiveCfg = Debug|Any CPU
		{38B75116-B3E3-4659-89EB-57A3D320F351}.Debug|x64.Build.0 = Debug|Any CPU
		{38B75116-B3E3-4659-89EB-57A3D320F351}.Debug|x86.ActiveCfg = Debug|Any CPU
		{38B75116-B3E3-4659-89EB-57A3D320F351}.Debug|x86.Build.0 = Debug|Any CPU
		{38B75116-B3E3-4659-89EB-57A3D320F351}.Release|Any CPU.ActiveCfg = Release|Any CPU
		{38B75116-B3E3-4659-89EB-57A3D320F351}.Release|Any CPU.Build.0 = Release|Any CPU
		{38B75116-B3E3-4659-89EB-57A3D320F351}.Release|x64.ActiveCfg = Release|Any CPU
		{38B75116-B3E3-4659-89EB-57A3D320F351}.Release|x64.Build.0 = Release|Any CPU
		{38B75116-B3E3-4659-89EB-57A3D320F351}.Release|x86.ActiveCfg = Release|Any CPU
		{38B75116-B3E3-4659-89EB-57A3D320F351}.Release|x86.Build.0 = Release|Any CPU
		{0312467B-4442-4BE5-9C22-9D0AFAC1C522}.Debug|Any CPU.ActiveCfg = Debug|Win32
		{0312467B-4442-4BE5-9C22-9D0AFAC1C522}.Debug|Any CPU.Build.0 = Debug|Win32
		{0312467B-4442-4BE5-9C22-9D0AFAC1C522}.Debug|x64.ActiveCfg = Debug|x64
		{0312467B-4442-4BE5-9C22-9D0AFAC1C522}.Debug|x64.Build.0 = Debug|x64
		{0312467B-4442-4BE5-9C22-9D0AFAC1C522}.Debug|x86.ActiveCfg = Debug|Win32
		{0312467B-4442-4BE5-9C22-9D0AFAC1C522}.Debug|x86.Build.0 = Debug|Win32
		{0312467B-4442-4BE5-9C22-9D0AFAC1C522}.Release|Any CPU.ActiveCfg = Release|Win32
		{0312467B-4442-4BE5-9C22-9D0AFAC1C522}.Release|Any CPU.Build.0 = Release|Win32
		{0312467B-4442-4BE5-9C22-9D0AFAC1C522}.Release|x64.ActiveCfg = Release|x64
		{0312467B-4442-4BE5-9C22-9D0AFAC1C522}.Release|x64.Build.0 = Release|x64
		{0312467B-4442-4BE5-9C22-9D0AFAC1C522}.Release|x86.ActiveCfg = Release|Win32
		{0312467B-4442-4BE5-9C22-9D0AFAC1C522}.Release|x86.Build.0 = Release|Win32
		{83F49E72-E6D2-4C06-96F7-B3C9AF6BCA3B}.Debug|Any CPU.ActiveCfg = Debug|Any CPU
		{83F49E72-E6D2-4C06-96F7-B3C9AF6BCA3B}.Debug|Any CPU.Build.0 = Debug|Any CPU
		{83F49E72-E6D2-4C06-96F7-B3C9AF6BCA3B}.Debug|x64.ActiveCfg = Debug|x64
		{83F49E72-E6D2-4C06-96F7-B3C9AF6BCA3B}.Debug|x64.Build.0 = Debug|x64
		{83F49E72-E6D2-4C06-96F7-B3C9AF6BCA3B}.Debug|x86.ActiveCfg = Debug|Any CPU
		{83F49E72-E6D2-4C06-96F7-B3C9AF6BCA3B}.Debug|x86.Build.0 = Debug|Any CPU
		{83F49E72-E6D2-4C06-96F7-B3C9AF6BCA3B}.Release|Any CPU.ActiveCfg = Release|Any CPU
		{83F49E72-E6D2-4C06-96F7-B3C9AF6BCA3B}.Release|Any CPU.Build.0 = Release|Any CPU
		{83F49E72-E6D2-4C06-96F7-B3C9AF6BCA3B}.Release|x64.ActiveCfg = Release|Any CPU
		{83F49E72-E6D2-4C06-96F7-B3C9AF6BCA3B}.Release|x64.Build.0 = Release|Any CPU
		{83F49E72-E6D2-4C06-96F7-B3C9AF6BCA3B}.Release|x86.ActiveCfg = Release|Any CPU
		{83F49E72-E6D2-4C06-96F7-B3C9AF6BCA3B}.Release|x86.Build.0 = Release|Any CPU
		{6CB29899-D7E8-484B-ACE9-A2FECEC1670B}.Debug|Any CPU.ActiveCfg = Debug|Win32
		{6CB29899-D7E8-484B-ACE9-A2FECEC1670B}.Debug|x64.ActiveCfg = Debug|x64
		{6CB29899-D7E8-484B-ACE9-A2FECEC1670B}.Debug|x64.Build.0 = Debug|x64
		{6CB29899-D7E8-484B-ACE9-A2FECEC1670B}.Debug|x86.ActiveCfg = Debug|Win32
		{6CB29899-D7E8-484B-ACE9-A2FECEC1670B}.Debug|x86.Build.0 = Debug|Win32
		{6CB29899-D7E8-484B-ACE9-A2FECEC1670B}.Release|Any CPU.ActiveCfg = Release|Win32
		{6CB29899-D7E8-484B-ACE9-A2FECEC1670B}.Release|x64.ActiveCfg = Release|x64
		{6CB29899-D7E8-484B-ACE9-A2FECEC1670B}.Release|x64.Build.0 = Release|x64
		{6CB29899-D7E8-484B-ACE9-A2FECEC1670B}.Release|x86.ActiveCfg = Release|Win32
		{6CB29899-D7E8-484B-ACE9-A2FECEC1670B}.Release|x86.Build.0 = Release|Win32
		{29A201CC-5A78-4339-AFD7-6EDBFB54BC9F}.Debug|Any CPU.ActiveCfg = Debug|Any CPU
		{29A201CC-5A78-4339-AFD7-6EDBFB54BC9F}.Debug|Any CPU.Build.0 = Debug|Any CPU
		{29A201CC-5A78-4339-AFD7-6EDBFB54BC9F}.Debug|x64.ActiveCfg = Debug|Any CPU
		{29A201CC-5A78-4339-AFD7-6EDBFB54BC9F}.Debug|x64.Build.0 = Debug|Any CPU
		{29A201CC-5A78-4339-AFD7-6EDBFB54BC9F}.Debug|x86.ActiveCfg = Debug|Any CPU
		{29A201CC-5A78-4339-AFD7-6EDBFB54BC9F}.Debug|x86.Build.0 = Debug|Any CPU
		{29A201CC-5A78-4339-AFD7-6EDBFB54BC9F}.Release|Any CPU.ActiveCfg = Release|Any CPU
		{29A201CC-5A78-4339-AFD7-6EDBFB54BC9F}.Release|Any CPU.Build.0 = Release|Any CPU
		{29A201CC-5A78-4339-AFD7-6EDBFB54BC9F}.Release|x64.ActiveCfg = Release|Any CPU
		{29A201CC-5A78-4339-AFD7-6EDBFB54BC9F}.Release|x64.Build.0 = Release|Any CPU
		{29A201CC-5A78-4339-AFD7-6EDBFB54BC9F}.Release|x86.ActiveCfg = Release|Any CPU
		{29A201CC-5A78-4339-AFD7-6EDBFB54BC9F}.Release|x86.Build.0 = Release|Any CPU
		{A00E1B0E-5845-4E9D-B946-9DAD8F0B0299}.Debug|Any CPU.ActiveCfg = Debug|Any CPU
		{A00E1B0E-5845-4E9D-B946-9DAD8F0B0299}.Debug|Any CPU.Build.0 = Debug|Any CPU
		{A00E1B0E-5845-4E9D-B946-9DAD8F0B0299}.Debug|x64.ActiveCfg = Debug|Any CPU
		{A00E1B0E-5845-4E9D-B946-9DAD8F0B0299}.Debug|x64.Build.0 = Debug|Any CPU
		{A00E1B0E-5845-4E9D-B946-9DAD8F0B0299}.Debug|x86.ActiveCfg = Debug|Any CPU
		{A00E1B0E-5845-4E9D-B946-9DAD8F0B0299}.Debug|x86.Build.0 = Debug|Any CPU
		{A00E1B0E-5845-4E9D-B946-9DAD8F0B0299}.Release|Any CPU.ActiveCfg = Release|Any CPU
		{A00E1B0E-5845-4E9D-B946-9DAD8F0B0299}.Release|Any CPU.Build.0 = Release|Any CPU
		{A00E1B0E-5845-4E9D-B946-9DAD8F0B0299}.Release|x64.ActiveCfg = Release|Any CPU
		{A00E1B0E-5845-4E9D-B946-9DAD8F0B0299}.Release|x64.Build.0 = Release|Any CPU
		{A00E1B0E-5845-4E9D-B946-9DAD8F0B0299}.Release|x86.ActiveCfg = Release|Any CPU
		{A00E1B0E-5845-4E9D-B946-9DAD8F0B0299}.Release|x86.Build.0 = Release|Any CPU
		{3E55FB68-80F3-43B9-A661-47AE0BB0A2CB}.Debug|Any CPU.ActiveCfg = Debug|Any CPU
		{3E55FB68-80F3-43B9-A661-47AE0BB0A2CB}.Debug|Any CPU.Build.0 = Debug|Any CPU
		{3E55FB68-80F3-43B9-A661-47AE0BB0A2CB}.Debug|x64.ActiveCfg = Debug|Any CPU
		{3E55FB68-80F3-43B9-A661-47AE0BB0A2CB}.Debug|x64.Build.0 = Debug|Any CPU
		{3E55FB68-80F3-43B9-A661-47AE0BB0A2CB}.Debug|x86.ActiveCfg = Debug|Any CPU
		{3E55FB68-80F3-43B9-A661-47AE0BB0A2CB}.Debug|x86.Build.0 = Debug|Any CPU
		{3E55FB68-80F3-43B9-A661-47AE0BB0A2CB}.Release|Any CPU.ActiveCfg = Release|Any CPU
		{3E55FB68-80F3-43B9-A661-47AE0BB0A2CB}.Release|Any CPU.Build.0 = Release|Any CPU
		{3E55FB68-80F3-43B9-A661-47AE0BB0A2CB}.Release|x64.ActiveCfg = Release|Any CPU
		{3E55FB68-80F3-43B9-A661-47AE0BB0A2CB}.Release|x64.Build.0 = Release|Any CPU
		{3E55FB68-80F3-43B9-A661-47AE0BB0A2CB}.Release|x86.ActiveCfg = Release|Any CPU
		{3E55FB68-80F3-43B9-A661-47AE0BB0A2CB}.Release|x86.Build.0 = Release|Any CPU
		{DD6FB3AC-C959-49B4-941A-83EC5F45220F}.Debug|Any CPU.ActiveCfg = Debug|Any CPU
		{DD6FB3AC-C959-49B4-941A-83EC5F45220F}.Debug|Any CPU.Build.0 = Debug|Any CPU
		{DD6FB3AC-C959-49B4-941A-83EC5F45220F}.Debug|x64.ActiveCfg = Debug|Any CPU
		{DD6FB3AC-C959-49B4-941A-83EC5F45220F}.Debug|x64.Build.0 = Debug|Any CPU
		{DD6FB3AC-C959-49B4-941A-83EC5F45220F}.Debug|x86.ActiveCfg = Debug|Any CPU
		{DD6FB3AC-C959-49B4-941A-83EC5F45220F}.Debug|x86.Build.0 = Debug|Any CPU
		{DD6FB3AC-C959-49B4-941A-83EC5F45220F}.Release|Any CPU.ActiveCfg = Release|Any CPU
		{DD6FB3AC-C959-49B4-941A-83EC5F45220F}.Release|Any CPU.Build.0 = Release|Any CPU
		{DD6FB3AC-C959-49B4-941A-83EC5F45220F}.Release|x64.ActiveCfg = Release|Any CPU
		{DD6FB3AC-C959-49B4-941A-83EC5F45220F}.Release|x64.Build.0 = Release|Any CPU
		{DD6FB3AC-C959-49B4-941A-83EC5F45220F}.Release|x86.ActiveCfg = Release|Any CPU
		{DD6FB3AC-C959-49B4-941A-83EC5F45220F}.Release|x86.Build.0 = Release|Any CPU
		{379461E0-90D0-48B5-A593-39173923EFD1}.Debug|Any CPU.ActiveCfg = Debug|Any CPU
		{379461E0-90D0-48B5-A593-39173923EFD1}.Debug|Any CPU.Build.0 = Debug|Any CPU
		{379461E0-90D0-48B5-A593-39173923EFD1}.Debug|x64.ActiveCfg = Debug|Any CPU
		{379461E0-90D0-48B5-A593-39173923EFD1}.Debug|x64.Build.0 = Debug|Any CPU
		{379461E0-90D0-48B5-A593-39173923EFD1}.Debug|x86.ActiveCfg = Debug|Any CPU
		{379461E0-90D0-48B5-A593-39173923EFD1}.Debug|x86.Build.0 = Debug|Any CPU
		{379461E0-90D0-48B5-A593-39173923EFD1}.Release|Any CPU.ActiveCfg = Release|Any CPU
		{379461E0-90D0-48B5-A593-39173923EFD1}.Release|Any CPU.Build.0 = Release|Any CPU
		{379461E0-90D0-48B5-A593-39173923EFD1}.Release|x64.ActiveCfg = Release|Any CPU
		{379461E0-90D0-48B5-A593-39173923EFD1}.Release|x64.Build.0 = Release|Any CPU
		{379461E0-90D0-48B5-A593-39173923EFD1}.Release|x86.ActiveCfg = Release|Any CPU
		{379461E0-90D0-48B5-A593-39173923EFD1}.Release|x86.Build.0 = Release|Any CPU
		{19317F37-18D8-4FE2-8866-D3B55FFAB3B7}.Debug|Any CPU.ActiveCfg = Debug|Any CPU
		{19317F37-18D8-4FE2-8866-D3B55FFAB3B7}.Debug|Any CPU.Build.0 = Debug|Any CPU
		{19317F37-18D8-4FE2-8866-D3B55FFAB3B7}.Debug|x64.ActiveCfg = Debug|Any CPU
		{19317F37-18D8-4FE2-8866-D3B55FFAB3B7}.Debug|x64.Build.0 = Debug|Any CPU
		{19317F37-18D8-4FE2-8866-D3B55FFAB3B7}.Debug|x86.ActiveCfg = Debug|Any CPU
		{19317F37-18D8-4FE2-8866-D3B55FFAB3B7}.Debug|x86.Build.0 = Debug|Any CPU
		{19317F37-18D8-4FE2-8866-D3B55FFAB3B7}.Release|Any CPU.ActiveCfg = Release|Any CPU
		{19317F37-18D8-4FE2-8866-D3B55FFAB3B7}.Release|Any CPU.Build.0 = Release|Any CPU
		{19317F37-18D8-4FE2-8866-D3B55FFAB3B7}.Release|x64.ActiveCfg = Release|Any CPU
		{19317F37-18D8-4FE2-8866-D3B55FFAB3B7}.Release|x64.Build.0 = Release|Any CPU
		{19317F37-18D8-4FE2-8866-D3B55FFAB3B7}.Release|x86.ActiveCfg = Release|Any CPU
		{19317F37-18D8-4FE2-8866-D3B55FFAB3B7}.Release|x86.Build.0 = Release|Any CPU
		{6D14A6EC-1922-4C03-88C3-FF4D70A48D2E}.Debug|Any CPU.ActiveCfg = Debug|Any CPU
		{6D14A6EC-1922-4C03-88C3-FF4D70A48D2E}.Debug|Any CPU.Build.0 = Debug|Any CPU
		{6D14A6EC-1922-4C03-88C3-FF4D70A48D2E}.Debug|x64.ActiveCfg = Debug|Any CPU
		{6D14A6EC-1922-4C03-88C3-FF4D70A48D2E}.Debug|x64.Build.0 = Debug|Any CPU
		{6D14A6EC-1922-4C03-88C3-FF4D70A48D2E}.Debug|x86.ActiveCfg = Debug|Any CPU
		{6D14A6EC-1922-4C03-88C3-FF4D70A48D2E}.Debug|x86.Build.0 = Debug|Any CPU
		{6D14A6EC-1922-4C03-88C3-FF4D70A48D2E}.Release|Any CPU.ActiveCfg = Release|Any CPU
		{6D14A6EC-1922-4C03-88C3-FF4D70A48D2E}.Release|Any CPU.Build.0 = Release|Any CPU
		{6D14A6EC-1922-4C03-88C3-FF4D70A48D2E}.Release|x64.ActiveCfg = Release|Any CPU
		{6D14A6EC-1922-4C03-88C3-FF4D70A48D2E}.Release|x64.Build.0 = Release|Any CPU
		{6D14A6EC-1922-4C03-88C3-FF4D70A48D2E}.Release|x86.ActiveCfg = Release|Any CPU
		{6D14A6EC-1922-4C03-88C3-FF4D70A48D2E}.Release|x86.Build.0 = Release|Any CPU
		{76874A36-8E2D-4CF5-9A4A-3B75C6A86626}.Debug|Any CPU.ActiveCfg = Debug|Any CPU
		{76874A36-8E2D-4CF5-9A4A-3B75C6A86626}.Debug|Any CPU.Build.0 = Debug|Any CPU
		{76874A36-8E2D-4CF5-9A4A-3B75C6A86626}.Debug|x64.ActiveCfg = Debug|Any CPU
		{76874A36-8E2D-4CF5-9A4A-3B75C6A86626}.Debug|x64.Build.0 = Debug|Any CPU
		{76874A36-8E2D-4CF5-9A4A-3B75C6A86626}.Debug|x86.ActiveCfg = Debug|Any CPU
		{76874A36-8E2D-4CF5-9A4A-3B75C6A86626}.Debug|x86.Build.0 = Debug|Any CPU
		{76874A36-8E2D-4CF5-9A4A-3B75C6A86626}.Release|Any CPU.ActiveCfg = Release|Any CPU
		{76874A36-8E2D-4CF5-9A4A-3B75C6A86626}.Release|Any CPU.Build.0 = Release|Any CPU
		{76874A36-8E2D-4CF5-9A4A-3B75C6A86626}.Release|x64.ActiveCfg = Release|Any CPU
		{76874A36-8E2D-4CF5-9A4A-3B75C6A86626}.Release|x64.Build.0 = Release|Any CPU
		{76874A36-8E2D-4CF5-9A4A-3B75C6A86626}.Release|x86.ActiveCfg = Release|Any CPU
		{76874A36-8E2D-4CF5-9A4A-3B75C6A86626}.Release|x86.Build.0 = Release|Any CPU
		{05CA06D1-4ED9-4BC6-BBA2-4EADC49ED2AE}.Debug|Any CPU.ActiveCfg = Debug|Any CPU
		{05CA06D1-4ED9-4BC6-BBA2-4EADC49ED2AE}.Debug|Any CPU.Build.0 = Debug|Any CPU
		{05CA06D1-4ED9-4BC6-BBA2-4EADC49ED2AE}.Debug|x64.ActiveCfg = Debug|Any CPU
		{05CA06D1-4ED9-4BC6-BBA2-4EADC49ED2AE}.Debug|x64.Build.0 = Debug|Any CPU
		{05CA06D1-4ED9-4BC6-BBA2-4EADC49ED2AE}.Debug|x86.ActiveCfg = Debug|Any CPU
		{05CA06D1-4ED9-4BC6-BBA2-4EADC49ED2AE}.Debug|x86.Build.0 = Debug|Any CPU
		{05CA06D1-4ED9-4BC6-BBA2-4EADC49ED2AE}.Release|Any CPU.ActiveCfg = Release|Any CPU
		{05CA06D1-4ED9-4BC6-BBA2-4EADC49ED2AE}.Release|Any CPU.Build.0 = Release|Any CPU
		{05CA06D1-4ED9-4BC6-BBA2-4EADC49ED2AE}.Release|x64.ActiveCfg = Release|Any CPU
		{05CA06D1-4ED9-4BC6-BBA2-4EADC49ED2AE}.Release|x64.Build.0 = Release|Any CPU
		{05CA06D1-4ED9-4BC6-BBA2-4EADC49ED2AE}.Release|x86.ActiveCfg = Release|Any CPU
		{05CA06D1-4ED9-4BC6-BBA2-4EADC49ED2AE}.Release|x86.Build.0 = Release|Any CPU
		{F596DAB0-8B4E-401D-953C-C68D78FD160B}.Debug|Any CPU.ActiveCfg = Debug|Any CPU
		{F596DAB0-8B4E-401D-953C-C68D78FD160B}.Debug|Any CPU.Build.0 = Debug|Any CPU
		{F596DAB0-8B4E-401D-953C-C68D78FD160B}.Debug|x64.ActiveCfg = Debug|Any CPU
		{F596DAB0-8B4E-401D-953C-C68D78FD160B}.Debug|x64.Build.0 = Debug|Any CPU
		{F596DAB0-8B4E-401D-953C-C68D78FD160B}.Debug|x86.ActiveCfg = Debug|Any CPU
		{F596DAB0-8B4E-401D-953C-C68D78FD160B}.Debug|x86.Build.0 = Debug|Any CPU
		{F596DAB0-8B4E-401D-953C-C68D78FD160B}.Release|Any CPU.ActiveCfg = Release|Any CPU
		{F596DAB0-8B4E-401D-953C-C68D78FD160B}.Release|Any CPU.Build.0 = Release|Any CPU
		{F596DAB0-8B4E-401D-953C-C68D78FD160B}.Release|x64.ActiveCfg = Release|Any CPU
		{F596DAB0-8B4E-401D-953C-C68D78FD160B}.Release|x64.Build.0 = Release|Any CPU
		{F596DAB0-8B4E-401D-953C-C68D78FD160B}.Release|x86.ActiveCfg = Release|Any CPU
		{F596DAB0-8B4E-401D-953C-C68D78FD160B}.Release|x86.Build.0 = Release|Any CPU
		{0554C287-5755-43DB-81A2-7E33BE73376C}.Debug|Any CPU.ActiveCfg = Debug|Any CPU
		{0554C287-5755-43DB-81A2-7E33BE73376C}.Debug|Any CPU.Build.0 = Debug|Any CPU
		{0554C287-5755-43DB-81A2-7E33BE73376C}.Debug|x64.ActiveCfg = Debug|Any CPU
		{0554C287-5755-43DB-81A2-7E33BE73376C}.Debug|x64.Build.0 = Debug|Any CPU
		{0554C287-5755-43DB-81A2-7E33BE73376C}.Debug|x86.ActiveCfg = Debug|Any CPU
		{0554C287-5755-43DB-81A2-7E33BE73376C}.Debug|x86.Build.0 = Debug|Any CPU
		{0554C287-5755-43DB-81A2-7E33BE73376C}.Release|Any CPU.ActiveCfg = Release|Any CPU
		{0554C287-5755-43DB-81A2-7E33BE73376C}.Release|Any CPU.Build.0 = Release|Any CPU
		{0554C287-5755-43DB-81A2-7E33BE73376C}.Release|x64.ActiveCfg = Release|Any CPU
		{0554C287-5755-43DB-81A2-7E33BE73376C}.Release|x64.Build.0 = Release|Any CPU
		{0554C287-5755-43DB-81A2-7E33BE73376C}.Release|x86.ActiveCfg = Release|Any CPU
		{0554C287-5755-43DB-81A2-7E33BE73376C}.Release|x86.Build.0 = Release|Any CPU
		{49A5BBC8-6DFD-449C-AAA0-A5228B022679}.Debug|Any CPU.ActiveCfg = Debug|Any CPU
		{49A5BBC8-6DFD-449C-AAA0-A5228B022679}.Debug|Any CPU.Build.0 = Debug|Any CPU
		{49A5BBC8-6DFD-449C-AAA0-A5228B022679}.Debug|x64.ActiveCfg = Debug|Any CPU
		{49A5BBC8-6DFD-449C-AAA0-A5228B022679}.Debug|x64.Build.0 = Debug|Any CPU
		{49A5BBC8-6DFD-449C-AAA0-A5228B022679}.Debug|x86.ActiveCfg = Debug|Any CPU
		{49A5BBC8-6DFD-449C-AAA0-A5228B022679}.Debug|x86.Build.0 = Debug|Any CPU
		{49A5BBC8-6DFD-449C-AAA0-A5228B022679}.Release|Any CPU.ActiveCfg = Release|Any CPU
		{49A5BBC8-6DFD-449C-AAA0-A5228B022679}.Release|Any CPU.Build.0 = Release|Any CPU
		{49A5BBC8-6DFD-449C-AAA0-A5228B022679}.Release|x64.ActiveCfg = Release|Any CPU
		{49A5BBC8-6DFD-449C-AAA0-A5228B022679}.Release|x64.Build.0 = Release|Any CPU
		{49A5BBC8-6DFD-449C-AAA0-A5228B022679}.Release|x86.ActiveCfg = Release|Any CPU
		{49A5BBC8-6DFD-449C-AAA0-A5228B022679}.Release|x86.Build.0 = Release|Any CPU
		{CD5C98B1-29A6-4C6E-942A-4350EB43B45B}.Debug|Any CPU.ActiveCfg = Debug|Any CPU
		{CD5C98B1-29A6-4C6E-942A-4350EB43B45B}.Debug|Any CPU.Build.0 = Debug|Any CPU
		{CD5C98B1-29A6-4C6E-942A-4350EB43B45B}.Debug|x64.ActiveCfg = Debug|Any CPU
		{CD5C98B1-29A6-4C6E-942A-4350EB43B45B}.Debug|x64.Build.0 = Debug|Any CPU
		{CD5C98B1-29A6-4C6E-942A-4350EB43B45B}.Debug|x86.ActiveCfg = Debug|Any CPU
		{CD5C98B1-29A6-4C6E-942A-4350EB43B45B}.Debug|x86.Build.0 = Debug|Any CPU
		{CD5C98B1-29A6-4C6E-942A-4350EB43B45B}.Release|Any CPU.ActiveCfg = Release|Any CPU
		{CD5C98B1-29A6-4C6E-942A-4350EB43B45B}.Release|Any CPU.Build.0 = Release|Any CPU
		{CD5C98B1-29A6-4C6E-942A-4350EB43B45B}.Release|x64.ActiveCfg = Release|Any CPU
		{CD5C98B1-29A6-4C6E-942A-4350EB43B45B}.Release|x64.Build.0 = Release|Any CPU
		{CD5C98B1-29A6-4C6E-942A-4350EB43B45B}.Release|x86.ActiveCfg = Release|Any CPU
		{CD5C98B1-29A6-4C6E-942A-4350EB43B45B}.Release|x86.Build.0 = Release|Any CPU
		{4E7F8B5B-3D5D-4F09-A7C1-8AE94C1B6F2A}.Debug|Any CPU.ActiveCfg = Debug|Any CPU
		{4E7F8B5B-3D5D-4F09-A7C1-8AE94C1B6F2A}.Debug|Any CPU.Build.0 = Debug|Any CPU
		{4E7F8B5B-3D5D-4F09-A7C1-8AE94C1B6F2A}.Debug|x64.ActiveCfg = Debug|Any CPU
		{4E7F8B5B-3D5D-4F09-A7C1-8AE94C1B6F2A}.Debug|x64.Build.0 = Debug|Any CPU
		{4E7F8B5B-3D5D-4F09-A7C1-8AE94C1B6F2A}.Debug|x86.ActiveCfg = Debug|Any CPU
		{4E7F8B5B-3D5D-4F09-A7C1-8AE94C1B6F2A}.Debug|x86.Build.0 = Debug|Any CPU
		{4E7F8B5B-3D5D-4F09-A7C1-8AE94C1B6F2A}.Release|Any CPU.ActiveCfg = Release|Any CPU
		{4E7F8B5B-3D5D-4F09-A7C1-8AE94C1B6F2A}.Release|Any CPU.Build.0 = Release|Any CPU
		{4E7F8B5B-3D5D-4F09-A7C1-8AE94C1B6F2A}.Release|x64.ActiveCfg = Release|Any CPU
		{4E7F8B5B-3D5D-4F09-A7C1-8AE94C1B6F2A}.Release|x64.Build.0 = Release|Any CPU
		{4E7F8B5B-3D5D-4F09-A7C1-8AE94C1B6F2A}.Release|x86.ActiveCfg = Release|Any CPU
		{4E7F8B5B-3D5D-4F09-A7C1-8AE94C1B6F2A}.Release|x86.Build.0 = Release|Any CPU
		{EE8071DF-E394-4821-B593-5DBF8086FE13}.Debug|Any CPU.ActiveCfg = Debug|Any CPU
		{EE8071DF-E394-4821-B593-5DBF8086FE13}.Debug|Any CPU.Build.0 = Debug|Any CPU
		{EE8071DF-E394-4821-B593-5DBF8086FE13}.Debug|x64.ActiveCfg = Debug|Any CPU
		{EE8071DF-E394-4821-B593-5DBF8086FE13}.Debug|x64.Build.0 = Debug|Any CPU
		{EE8071DF-E394-4821-B593-5DBF8086FE13}.Debug|x86.ActiveCfg = Debug|Any CPU
		{EE8071DF-E394-4821-B593-5DBF8086FE13}.Debug|x86.Build.0 = Debug|Any CPU
		{EE8071DF-E394-4821-B593-5DBF8086FE13}.Release|Any CPU.ActiveCfg = Release|Any CPU
		{EE8071DF-E394-4821-B593-5DBF8086FE13}.Release|Any CPU.Build.0 = Release|Any CPU
		{EE8071DF-E394-4821-B593-5DBF8086FE13}.Release|x64.ActiveCfg = Release|Any CPU
		{EE8071DF-E394-4821-B593-5DBF8086FE13}.Release|x64.Build.0 = Release|Any CPU
		{EE8071DF-E394-4821-B593-5DBF8086FE13}.Release|x86.ActiveCfg = Release|Any CPU
		{EE8071DF-E394-4821-B593-5DBF8086FE13}.Release|x86.Build.0 = Release|Any CPU
		{301022B4-3510-4E50-A64D-EF715A08298B}.Debug|Any CPU.ActiveCfg = Debug|Any CPU
		{301022B4-3510-4E50-A64D-EF715A08298B}.Debug|Any CPU.Build.0 = Debug|Any CPU
		{301022B4-3510-4E50-A64D-EF715A08298B}.Debug|x64.ActiveCfg = Debug|Any CPU
		{301022B4-3510-4E50-A64D-EF715A08298B}.Debug|x64.Build.0 = Debug|Any CPU
		{301022B4-3510-4E50-A64D-EF715A08298B}.Debug|x86.ActiveCfg = Debug|Any CPU
		{301022B4-3510-4E50-A64D-EF715A08298B}.Debug|x86.Build.0 = Debug|Any CPU
		{301022B4-3510-4E50-A64D-EF715A08298B}.Release|Any CPU.ActiveCfg = Release|Any CPU
		{301022B4-3510-4E50-A64D-EF715A08298B}.Release|Any CPU.Build.0 = Release|Any CPU
		{301022B4-3510-4E50-A64D-EF715A08298B}.Release|x64.ActiveCfg = Release|Any CPU
		{301022B4-3510-4E50-A64D-EF715A08298B}.Release|x64.Build.0 = Release|Any CPU
		{301022B4-3510-4E50-A64D-EF715A08298B}.Release|x86.ActiveCfg = Release|Any CPU
		{301022B4-3510-4E50-A64D-EF715A08298B}.Release|x86.Build.0 = Release|Any CPU
		{2E315D13-59EB-4980-A58F-B4B335C7CC74}.Debug|Any CPU.ActiveCfg = Debug|Any CPU
		{2E315D13-59EB-4980-A58F-B4B335C7CC74}.Debug|Any CPU.Build.0 = Debug|Any CPU
		{2E315D13-59EB-4980-A58F-B4B335C7CC74}.Debug|x64.ActiveCfg = Debug|Any CPU
		{2E315D13-59EB-4980-A58F-B4B335C7CC74}.Debug|x64.Build.0 = Debug|Any CPU
		{2E315D13-59EB-4980-A58F-B4B335C7CC74}.Debug|x86.ActiveCfg = Debug|Any CPU
		{2E315D13-59EB-4980-A58F-B4B335C7CC74}.Debug|x86.Build.0 = Debug|Any CPU
		{2E315D13-59EB-4980-A58F-B4B335C7CC74}.Release|Any CPU.ActiveCfg = Release|Any CPU
		{2E315D13-59EB-4980-A58F-B4B335C7CC74}.Release|Any CPU.Build.0 = Release|Any CPU
		{2E315D13-59EB-4980-A58F-B4B335C7CC74}.Release|x64.ActiveCfg = Release|Any CPU
		{2E315D13-59EB-4980-A58F-B4B335C7CC74}.Release|x64.Build.0 = Release|Any CPU
		{2E315D13-59EB-4980-A58F-B4B335C7CC74}.Release|x86.ActiveCfg = Release|Any CPU
		{2E315D13-59EB-4980-A58F-B4B335C7CC74}.Release|x86.Build.0 = Release|Any CPU
		{FD3F8B32-6EC9-4249-AC27-A5F39652B0DA}.Debug|Any CPU.ActiveCfg = Debug|Any CPU
		{FD3F8B32-6EC9-4249-AC27-A5F39652B0DA}.Debug|Any CPU.Build.0 = Debug|Any CPU
		{FD3F8B32-6EC9-4249-AC27-A5F39652B0DA}.Debug|x64.ActiveCfg = Debug|Any CPU
		{FD3F8B32-6EC9-4249-AC27-A5F39652B0DA}.Debug|x64.Build.0 = Debug|Any CPU
		{FD3F8B32-6EC9-4249-AC27-A5F39652B0DA}.Debug|x86.ActiveCfg = Debug|Any CPU
		{FD3F8B32-6EC9-4249-AC27-A5F39652B0DA}.Debug|x86.Build.0 = Debug|Any CPU
		{FD3F8B32-6EC9-4249-AC27-A5F39652B0DA}.Release|Any CPU.ActiveCfg = Release|Any CPU
		{FD3F8B32-6EC9-4249-AC27-A5F39652B0DA}.Release|Any CPU.Build.0 = Release|Any CPU
		{FD3F8B32-6EC9-4249-AC27-A5F39652B0DA}.Release|x64.ActiveCfg = Release|Any CPU
		{FD3F8B32-6EC9-4249-AC27-A5F39652B0DA}.Release|x64.Build.0 = Release|Any CPU
		{FD3F8B32-6EC9-4249-AC27-A5F39652B0DA}.Release|x86.ActiveCfg = Release|Any CPU
		{FD3F8B32-6EC9-4249-AC27-A5F39652B0DA}.Release|x86.Build.0 = Release|Any CPU
		{C4015EFC-3B29-45B1-9873-527719BDCDB2}.Debug|Any CPU.ActiveCfg = Debug|Any CPU
		{C4015EFC-3B29-45B1-9873-527719BDCDB2}.Debug|Any CPU.Build.0 = Debug|Any CPU
		{C4015EFC-3B29-45B1-9873-527719BDCDB2}.Debug|x64.ActiveCfg = Debug|Any CPU
		{C4015EFC-3B29-45B1-9873-527719BDCDB2}.Debug|x64.Build.0 = Debug|Any CPU
		{C4015EFC-3B29-45B1-9873-527719BDCDB2}.Debug|x86.ActiveCfg = Debug|Any CPU
		{C4015EFC-3B29-45B1-9873-527719BDCDB2}.Debug|x86.Build.0 = Debug|Any CPU
		{C4015EFC-3B29-45B1-9873-527719BDCDB2}.Release|Any CPU.ActiveCfg = Release|Any CPU
		{C4015EFC-3B29-45B1-9873-527719BDCDB2}.Release|Any CPU.Build.0 = Release|Any CPU
		{C4015EFC-3B29-45B1-9873-527719BDCDB2}.Release|x64.ActiveCfg = Release|Any CPU
		{C4015EFC-3B29-45B1-9873-527719BDCDB2}.Release|x64.Build.0 = Release|Any CPU
		{C4015EFC-3B29-45B1-9873-527719BDCDB2}.Release|x86.ActiveCfg = Release|Any CPU
		{C4015EFC-3B29-45B1-9873-527719BDCDB2}.Release|x86.Build.0 = Release|Any CPU
		{ABD2C2CA-FD2A-43A9-9BEE-B983ECDC224B}.Debug|Any CPU.ActiveCfg = Debug|Any CPU
		{ABD2C2CA-FD2A-43A9-9BEE-B983ECDC224B}.Debug|Any CPU.Build.0 = Debug|Any CPU
		{ABD2C2CA-FD2A-43A9-9BEE-B983ECDC224B}.Debug|x64.ActiveCfg = Debug|Any CPU
		{ABD2C2CA-FD2A-43A9-9BEE-B983ECDC224B}.Debug|x64.Build.0 = Debug|Any CPU
		{ABD2C2CA-FD2A-43A9-9BEE-B983ECDC224B}.Debug|x86.ActiveCfg = Debug|Any CPU
		{ABD2C2CA-FD2A-43A9-9BEE-B983ECDC224B}.Debug|x86.Build.0 = Debug|Any CPU
		{ABD2C2CA-FD2A-43A9-9BEE-B983ECDC224B}.Release|Any CPU.ActiveCfg = Release|Any CPU
		{ABD2C2CA-FD2A-43A9-9BEE-B983ECDC224B}.Release|Any CPU.Build.0 = Release|Any CPU
		{ABD2C2CA-FD2A-43A9-9BEE-B983ECDC224B}.Release|x64.ActiveCfg = Release|Any CPU
		{ABD2C2CA-FD2A-43A9-9BEE-B983ECDC224B}.Release|x64.Build.0 = Release|Any CPU
		{ABD2C2CA-FD2A-43A9-9BEE-B983ECDC224B}.Release|x86.ActiveCfg = Release|Any CPU
		{ABD2C2CA-FD2A-43A9-9BEE-B983ECDC224B}.Release|x86.Build.0 = Release|Any CPU
		{0344D074-C8B9-48F6-9C17-21D41443C4BE}.Debug|Any CPU.ActiveCfg = Debug|Any CPU
		{0344D074-C8B9-48F6-9C17-21D41443C4BE}.Debug|Any CPU.Build.0 = Debug|Any CPU
		{0344D074-C8B9-48F6-9C17-21D41443C4BE}.Debug|x64.ActiveCfg = Debug|Any CPU
		{0344D074-C8B9-48F6-9C17-21D41443C4BE}.Debug|x64.Build.0 = Debug|Any CPU
		{0344D074-C8B9-48F6-9C17-21D41443C4BE}.Debug|x86.ActiveCfg = Debug|Any CPU
		{0344D074-C8B9-48F6-9C17-21D41443C4BE}.Debug|x86.Build.0 = Debug|Any CPU
		{0344D074-C8B9-48F6-9C17-21D41443C4BE}.Release|Any CPU.ActiveCfg = Release|Any CPU
		{0344D074-C8B9-48F6-9C17-21D41443C4BE}.Release|Any CPU.Build.0 = Release|Any CPU
		{0344D074-C8B9-48F6-9C17-21D41443C4BE}.Release|x64.ActiveCfg = Release|Any CPU
		{0344D074-C8B9-48F6-9C17-21D41443C4BE}.Release|x64.Build.0 = Release|Any CPU
		{0344D074-C8B9-48F6-9C17-21D41443C4BE}.Release|x86.ActiveCfg = Release|Any CPU
		{0344D074-C8B9-48F6-9C17-21D41443C4BE}.Release|x86.Build.0 = Release|Any CPU
		{7B01EA9E-93B5-4CF3-9203-C6C3EA89F02F}.Debug|Any CPU.ActiveCfg = Debug|Any CPU
		{7B01EA9E-93B5-4CF3-9203-C6C3EA89F02F}.Debug|Any CPU.Build.0 = Debug|Any CPU
		{7B01EA9E-93B5-4CF3-9203-C6C3EA89F02F}.Debug|x64.ActiveCfg = Debug|Any CPU
		{7B01EA9E-93B5-4CF3-9203-C6C3EA89F02F}.Debug|x64.Build.0 = Debug|Any CPU
		{7B01EA9E-93B5-4CF3-9203-C6C3EA89F02F}.Debug|x86.ActiveCfg = Debug|Any CPU
		{7B01EA9E-93B5-4CF3-9203-C6C3EA89F02F}.Debug|x86.Build.0 = Debug|Any CPU
		{7B01EA9E-93B5-4CF3-9203-C6C3EA89F02F}.Release|Any CPU.ActiveCfg = Release|Any CPU
		{7B01EA9E-93B5-4CF3-9203-C6C3EA89F02F}.Release|Any CPU.Build.0 = Release|Any CPU
		{7B01EA9E-93B5-4CF3-9203-C6C3EA89F02F}.Release|x64.ActiveCfg = Release|Any CPU
		{7B01EA9E-93B5-4CF3-9203-C6C3EA89F02F}.Release|x64.Build.0 = Release|Any CPU
		{7B01EA9E-93B5-4CF3-9203-C6C3EA89F02F}.Release|x86.ActiveCfg = Release|Any CPU
		{7B01EA9E-93B5-4CF3-9203-C6C3EA89F02F}.Release|x86.Build.0 = Release|Any CPU
		{68E27E08-8D8A-47B2-B8C8-69C687823A22}.Debug|Any CPU.ActiveCfg = Debug|Any CPU
		{68E27E08-8D8A-47B2-B8C8-69C687823A22}.Debug|Any CPU.Build.0 = Debug|Any CPU
		{68E27E08-8D8A-47B2-B8C8-69C687823A22}.Debug|x64.ActiveCfg = Debug|Any CPU
		{68E27E08-8D8A-47B2-B8C8-69C687823A22}.Debug|x64.Build.0 = Debug|Any CPU
		{68E27E08-8D8A-47B2-B8C8-69C687823A22}.Debug|x86.ActiveCfg = Debug|Any CPU
		{68E27E08-8D8A-47B2-B8C8-69C687823A22}.Debug|x86.Build.0 = Debug|Any CPU
		{68E27E08-8D8A-47B2-B8C8-69C687823A22}.Release|Any CPU.ActiveCfg = Release|Any CPU
		{68E27E08-8D8A-47B2-B8C8-69C687823A22}.Release|Any CPU.Build.0 = Release|Any CPU
		{68E27E08-8D8A-47B2-B8C8-69C687823A22}.Release|x64.ActiveCfg = Release|Any CPU
		{68E27E08-8D8A-47B2-B8C8-69C687823A22}.Release|x64.Build.0 = Release|Any CPU
		{68E27E08-8D8A-47B2-B8C8-69C687823A22}.Release|x86.ActiveCfg = Release|Any CPU
		{68E27E08-8D8A-47B2-B8C8-69C687823A22}.Release|x86.Build.0 = Release|Any CPU
		{B17F221D-BF90-4FC4-B6B7-EBDE20EA7ECE}.Debug|Any CPU.ActiveCfg = Debug|Any CPU
		{B17F221D-BF90-4FC4-B6B7-EBDE20EA7ECE}.Debug|Any CPU.Build.0 = Debug|Any CPU
		{B17F221D-BF90-4FC4-B6B7-EBDE20EA7ECE}.Debug|x64.ActiveCfg = Debug|Any CPU
		{B17F221D-BF90-4FC4-B6B7-EBDE20EA7ECE}.Debug|x64.Build.0 = Debug|Any CPU
		{B17F221D-BF90-4FC4-B6B7-EBDE20EA7ECE}.Debug|x86.ActiveCfg = Debug|Any CPU
		{B17F221D-BF90-4FC4-B6B7-EBDE20EA7ECE}.Debug|x86.Build.0 = Debug|Any CPU
		{B17F221D-BF90-4FC4-B6B7-EBDE20EA7ECE}.Release|Any CPU.ActiveCfg = Release|Any CPU
		{B17F221D-BF90-4FC4-B6B7-EBDE20EA7ECE}.Release|Any CPU.Build.0 = Release|Any CPU
		{B17F221D-BF90-4FC4-B6B7-EBDE20EA7ECE}.Release|x64.ActiveCfg = Release|Any CPU
		{B17F221D-BF90-4FC4-B6B7-EBDE20EA7ECE}.Release|x64.Build.0 = Release|Any CPU
		{B17F221D-BF90-4FC4-B6B7-EBDE20EA7ECE}.Release|x86.ActiveCfg = Release|Any CPU
		{B17F221D-BF90-4FC4-B6B7-EBDE20EA7ECE}.Release|x86.Build.0 = Release|Any CPU
		{ECBB92E0-778C-47A5-BF81-E6D3574E6F8D}.Debug|Any CPU.ActiveCfg = Debug|Any CPU
		{ECBB92E0-778C-47A5-BF81-E6D3574E6F8D}.Debug|Any CPU.Build.0 = Debug|Any CPU
		{ECBB92E0-778C-47A5-BF81-E6D3574E6F8D}.Debug|x64.ActiveCfg = Debug|Any CPU
		{ECBB92E0-778C-47A5-BF81-E6D3574E6F8D}.Debug|x64.Build.0 = Debug|Any CPU
		{ECBB92E0-778C-47A5-BF81-E6D3574E6F8D}.Debug|x86.ActiveCfg = Debug|Any CPU
		{ECBB92E0-778C-47A5-BF81-E6D3574E6F8D}.Debug|x86.Build.0 = Debug|Any CPU
		{ECBB92E0-778C-47A5-BF81-E6D3574E6F8D}.Release|Any CPU.ActiveCfg = Release|Any CPU
		{ECBB92E0-778C-47A5-BF81-E6D3574E6F8D}.Release|Any CPU.Build.0 = Release|Any CPU
		{ECBB92E0-778C-47A5-BF81-E6D3574E6F8D}.Release|x64.ActiveCfg = Release|Any CPU
		{ECBB92E0-778C-47A5-BF81-E6D3574E6F8D}.Release|x64.Build.0 = Release|Any CPU
		{ECBB92E0-778C-47A5-BF81-E6D3574E6F8D}.Release|x86.ActiveCfg = Release|Any CPU
		{ECBB92E0-778C-47A5-BF81-E6D3574E6F8D}.Release|x86.Build.0 = Release|Any CPU
		{6031F601-052E-496F-897C-722C07A4BA74}.Debug|Any CPU.ActiveCfg = Debug|Any CPU
		{6031F601-052E-496F-897C-722C07A4BA74}.Debug|Any CPU.Build.0 = Debug|Any CPU
		{6031F601-052E-496F-897C-722C07A4BA74}.Debug|x64.ActiveCfg = Debug|Any CPU
		{6031F601-052E-496F-897C-722C07A4BA74}.Debug|x64.Build.0 = Debug|Any CPU
		{6031F601-052E-496F-897C-722C07A4BA74}.Debug|x86.ActiveCfg = Debug|Any CPU
		{6031F601-052E-496F-897C-722C07A4BA74}.Debug|x86.Build.0 = Debug|Any CPU
		{6031F601-052E-496F-897C-722C07A4BA74}.Release|Any CPU.ActiveCfg = Release|Any CPU
		{6031F601-052E-496F-897C-722C07A4BA74}.Release|Any CPU.Build.0 = Release|Any CPU
		{6031F601-052E-496F-897C-722C07A4BA74}.Release|x64.ActiveCfg = Release|Any CPU
		{6031F601-052E-496F-897C-722C07A4BA74}.Release|x64.Build.0 = Release|Any CPU
		{6031F601-052E-496F-897C-722C07A4BA74}.Release|x86.ActiveCfg = Release|Any CPU
		{6031F601-052E-496F-897C-722C07A4BA74}.Release|x86.Build.0 = Release|Any CPU
		{ADB0C36E-FC20-46D8-AD33-89D9F81191E2}.Debug|Any CPU.ActiveCfg = Debug|Any CPU
		{ADB0C36E-FC20-46D8-AD33-89D9F81191E2}.Debug|Any CPU.Build.0 = Debug|Any CPU
		{ADB0C36E-FC20-46D8-AD33-89D9F81191E2}.Debug|x64.ActiveCfg = Debug|Any CPU
		{ADB0C36E-FC20-46D8-AD33-89D9F81191E2}.Debug|x64.Build.0 = Debug|Any CPU
		{ADB0C36E-FC20-46D8-AD33-89D9F81191E2}.Debug|x86.ActiveCfg = Debug|Any CPU
		{ADB0C36E-FC20-46D8-AD33-89D9F81191E2}.Debug|x86.Build.0 = Debug|Any CPU
		{ADB0C36E-FC20-46D8-AD33-89D9F81191E2}.Release|Any CPU.ActiveCfg = Release|Any CPU
		{ADB0C36E-FC20-46D8-AD33-89D9F81191E2}.Release|Any CPU.Build.0 = Release|Any CPU
		{ADB0C36E-FC20-46D8-AD33-89D9F81191E2}.Release|x64.ActiveCfg = Release|Any CPU
		{ADB0C36E-FC20-46D8-AD33-89D9F81191E2}.Release|x64.Build.0 = Release|Any CPU
		{ADB0C36E-FC20-46D8-AD33-89D9F81191E2}.Release|x86.ActiveCfg = Release|Any CPU
		{ADB0C36E-FC20-46D8-AD33-89D9F81191E2}.Release|x86.Build.0 = Release|Any CPU
		{6A03F4FE-30E7-4BA4-B80C-B98397A98599}.Debug|Any CPU.ActiveCfg = Debug|Any CPU
		{6A03F4FE-30E7-4BA4-B80C-B98397A98599}.Debug|Any CPU.Build.0 = Debug|Any CPU
		{6A03F4FE-30E7-4BA4-B80C-B98397A98599}.Debug|x64.ActiveCfg = Debug|Any CPU
		{6A03F4FE-30E7-4BA4-B80C-B98397A98599}.Debug|x64.Build.0 = Debug|Any CPU
		{6A03F4FE-30E7-4BA4-B80C-B98397A98599}.Debug|x86.ActiveCfg = Debug|Any CPU
		{6A03F4FE-30E7-4BA4-B80C-B98397A98599}.Debug|x86.Build.0 = Debug|Any CPU
		{6A03F4FE-30E7-4BA4-B80C-B98397A98599}.Release|Any CPU.ActiveCfg = Release|Any CPU
		{6A03F4FE-30E7-4BA4-B80C-B98397A98599}.Release|Any CPU.Build.0 = Release|Any CPU
		{6A03F4FE-30E7-4BA4-B80C-B98397A98599}.Release|x64.ActiveCfg = Release|Any CPU
		{6A03F4FE-30E7-4BA4-B80C-B98397A98599}.Release|x64.Build.0 = Release|Any CPU
		{6A03F4FE-30E7-4BA4-B80C-B98397A98599}.Release|x86.ActiveCfg = Release|Any CPU
		{6A03F4FE-30E7-4BA4-B80C-B98397A98599}.Release|x86.Build.0 = Release|Any CPU
		{51E6DEF9-AF48-422F-9347-9A2356788A08}.Debug|Any CPU.ActiveCfg = Debug|Any CPU
		{51E6DEF9-AF48-422F-9347-9A2356788A08}.Debug|Any CPU.Build.0 = Debug|Any CPU
		{51E6DEF9-AF48-422F-9347-9A2356788A08}.Debug|x64.ActiveCfg = Debug|Any CPU
		{51E6DEF9-AF48-422F-9347-9A2356788A08}.Debug|x64.Build.0 = Debug|Any CPU
		{51E6DEF9-AF48-422F-9347-9A2356788A08}.Debug|x86.ActiveCfg = Debug|Any CPU
		{51E6DEF9-AF48-422F-9347-9A2356788A08}.Debug|x86.Build.0 = Debug|Any CPU
		{51E6DEF9-AF48-422F-9347-9A2356788A08}.Release|Any CPU.ActiveCfg = Release|Any CPU
		{51E6DEF9-AF48-422F-9347-9A2356788A08}.Release|Any CPU.Build.0 = Release|Any CPU
		{51E6DEF9-AF48-422F-9347-9A2356788A08}.Release|x64.ActiveCfg = Release|Any CPU
		{51E6DEF9-AF48-422F-9347-9A2356788A08}.Release|x64.Build.0 = Release|Any CPU
		{51E6DEF9-AF48-422F-9347-9A2356788A08}.Release|x86.ActiveCfg = Release|Any CPU
		{51E6DEF9-AF48-422F-9347-9A2356788A08}.Release|x86.Build.0 = Release|Any CPU
		{B5F0A83D-D1C3-41A1-A241-ADB30B19AEE1}.Debug|Any CPU.ActiveCfg = Debug|Any CPU
		{B5F0A83D-D1C3-41A1-A241-ADB30B19AEE1}.Debug|Any CPU.Build.0 = Debug|Any CPU
		{B5F0A83D-D1C3-41A1-A241-ADB30B19AEE1}.Debug|x64.ActiveCfg = Debug|Any CPU
		{B5F0A83D-D1C3-41A1-A241-ADB30B19AEE1}.Debug|x64.Build.0 = Debug|Any CPU
		{B5F0A83D-D1C3-41A1-A241-ADB30B19AEE1}.Debug|x86.ActiveCfg = Debug|Any CPU
		{B5F0A83D-D1C3-41A1-A241-ADB30B19AEE1}.Debug|x86.Build.0 = Debug|Any CPU
		{B5F0A83D-D1C3-41A1-A241-ADB30B19AEE1}.Release|Any CPU.ActiveCfg = Release|Any CPU
		{B5F0A83D-D1C3-41A1-A241-ADB30B19AEE1}.Release|Any CPU.Build.0 = Release|Any CPU
		{B5F0A83D-D1C3-41A1-A241-ADB30B19AEE1}.Release|x64.ActiveCfg = Release|Any CPU
		{B5F0A83D-D1C3-41A1-A241-ADB30B19AEE1}.Release|x64.Build.0 = Release|Any CPU
		{B5F0A83D-D1C3-41A1-A241-ADB30B19AEE1}.Release|x86.ActiveCfg = Release|Any CPU
		{B5F0A83D-D1C3-41A1-A241-ADB30B19AEE1}.Release|x86.Build.0 = Release|Any CPU
		{C8D7809B-F77B-4317-ACB2-A60585DF9A34}.Debug|Any CPU.ActiveCfg = Debug|Any CPU
		{C8D7809B-F77B-4317-ACB2-A60585DF9A34}.Debug|Any CPU.Build.0 = Debug|Any CPU
		{C8D7809B-F77B-4317-ACB2-A60585DF9A34}.Debug|x64.ActiveCfg = Debug|Any CPU
		{C8D7809B-F77B-4317-ACB2-A60585DF9A34}.Debug|x64.Build.0 = Debug|Any CPU
		{C8D7809B-F77B-4317-ACB2-A60585DF9A34}.Debug|x86.ActiveCfg = Debug|Any CPU
		{C8D7809B-F77B-4317-ACB2-A60585DF9A34}.Debug|x86.Build.0 = Debug|Any CPU
		{C8D7809B-F77B-4317-ACB2-A60585DF9A34}.Release|Any CPU.ActiveCfg = Release|Any CPU
		{C8D7809B-F77B-4317-ACB2-A60585DF9A34}.Release|Any CPU.Build.0 = Release|Any CPU
		{C8D7809B-F77B-4317-ACB2-A60585DF9A34}.Release|x64.ActiveCfg = Release|Any CPU
		{C8D7809B-F77B-4317-ACB2-A60585DF9A34}.Release|x64.Build.0 = Release|Any CPU
		{C8D7809B-F77B-4317-ACB2-A60585DF9A34}.Release|x86.ActiveCfg = Release|Any CPU
		{C8D7809B-F77B-4317-ACB2-A60585DF9A34}.Release|x86.Build.0 = Release|Any CPU
		{82265025-3515-4E1E-9221-FB2892D1F7AE}.Debug|Any CPU.ActiveCfg = Debug|Any CPU
		{82265025-3515-4E1E-9221-FB2892D1F7AE}.Debug|Any CPU.Build.0 = Debug|Any CPU
		{82265025-3515-4E1E-9221-FB2892D1F7AE}.Debug|x64.ActiveCfg = Debug|Any CPU
		{82265025-3515-4E1E-9221-FB2892D1F7AE}.Debug|x64.Build.0 = Debug|Any CPU
		{82265025-3515-4E1E-9221-FB2892D1F7AE}.Debug|x86.ActiveCfg = Debug|Any CPU
		{82265025-3515-4E1E-9221-FB2892D1F7AE}.Debug|x86.Build.0 = Debug|Any CPU
		{82265025-3515-4E1E-9221-FB2892D1F7AE}.Release|Any CPU.ActiveCfg = Release|Any CPU
		{82265025-3515-4E1E-9221-FB2892D1F7AE}.Release|Any CPU.Build.0 = Release|Any CPU
		{82265025-3515-4E1E-9221-FB2892D1F7AE}.Release|x64.ActiveCfg = Release|Any CPU
		{82265025-3515-4E1E-9221-FB2892D1F7AE}.Release|x64.Build.0 = Release|Any CPU
		{82265025-3515-4E1E-9221-FB2892D1F7AE}.Release|x86.ActiveCfg = Release|Any CPU
		{82265025-3515-4E1E-9221-FB2892D1F7AE}.Release|x86.Build.0 = Release|Any CPU
		{54A94FCE-4361-4024-BB36-75FC30D610AB}.Debug|Any CPU.ActiveCfg = Debug|Any CPU
		{54A94FCE-4361-4024-BB36-75FC30D610AB}.Debug|Any CPU.Build.0 = Debug|Any CPU
		{54A94FCE-4361-4024-BB36-75FC30D610AB}.Debug|x64.ActiveCfg = Debug|Any CPU
		{54A94FCE-4361-4024-BB36-75FC30D610AB}.Debug|x64.Build.0 = Debug|Any CPU
		{54A94FCE-4361-4024-BB36-75FC30D610AB}.Debug|x86.ActiveCfg = Debug|Any CPU
		{54A94FCE-4361-4024-BB36-75FC30D610AB}.Debug|x86.Build.0 = Debug|Any CPU
		{54A94FCE-4361-4024-BB36-75FC30D610AB}.Release|Any CPU.ActiveCfg = Release|Any CPU
		{54A94FCE-4361-4024-BB36-75FC30D610AB}.Release|Any CPU.Build.0 = Release|Any CPU
		{54A94FCE-4361-4024-BB36-75FC30D610AB}.Release|x64.ActiveCfg = Release|Any CPU
		{54A94FCE-4361-4024-BB36-75FC30D610AB}.Release|x64.Build.0 = Release|Any CPU
		{54A94FCE-4361-4024-BB36-75FC30D610AB}.Release|x86.ActiveCfg = Release|Any CPU
		{54A94FCE-4361-4024-BB36-75FC30D610AB}.Release|x86.Build.0 = Release|Any CPU
		{96C68015-0796-4A81-A271-AB3BB8AE4911}.Debug|Any CPU.ActiveCfg = Debug|Any CPU
		{96C68015-0796-4A81-A271-AB3BB8AE4911}.Debug|Any CPU.Build.0 = Debug|Any CPU
		{96C68015-0796-4A81-A271-AB3BB8AE4911}.Debug|x64.ActiveCfg = Debug|Any CPU
		{96C68015-0796-4A81-A271-AB3BB8AE4911}.Debug|x64.Build.0 = Debug|Any CPU
		{96C68015-0796-4A81-A271-AB3BB8AE4911}.Debug|x86.ActiveCfg = Debug|Any CPU
		{96C68015-0796-4A81-A271-AB3BB8AE4911}.Debug|x86.Build.0 = Debug|Any CPU
		{96C68015-0796-4A81-A271-AB3BB8AE4911}.Release|Any CPU.ActiveCfg = Release|Any CPU
		{96C68015-0796-4A81-A271-AB3BB8AE4911}.Release|Any CPU.Build.0 = Release|Any CPU
		{96C68015-0796-4A81-A271-AB3BB8AE4911}.Release|x64.ActiveCfg = Release|Any CPU
		{96C68015-0796-4A81-A271-AB3BB8AE4911}.Release|x64.Build.0 = Release|Any CPU
		{96C68015-0796-4A81-A271-AB3BB8AE4911}.Release|x86.ActiveCfg = Release|Any CPU
		{96C68015-0796-4A81-A271-AB3BB8AE4911}.Release|x86.Build.0 = Release|Any CPU
		{AC40BC43-5D67-451D-ADEE-9329F05D2082}.Debug|Any CPU.ActiveCfg = Debug|Any CPU
		{AC40BC43-5D67-451D-ADEE-9329F05D2082}.Debug|Any CPU.Build.0 = Debug|Any CPU
		{AC40BC43-5D67-451D-ADEE-9329F05D2082}.Debug|x64.ActiveCfg = Debug|Any CPU
		{AC40BC43-5D67-451D-ADEE-9329F05D2082}.Debug|x64.Build.0 = Debug|Any CPU
		{AC40BC43-5D67-451D-ADEE-9329F05D2082}.Debug|x86.ActiveCfg = Debug|Any CPU
		{AC40BC43-5D67-451D-ADEE-9329F05D2082}.Debug|x86.Build.0 = Debug|Any CPU
		{AC40BC43-5D67-451D-ADEE-9329F05D2082}.Release|Any CPU.ActiveCfg = Release|Any CPU
		{AC40BC43-5D67-451D-ADEE-9329F05D2082}.Release|Any CPU.Build.0 = Release|Any CPU
		{AC40BC43-5D67-451D-ADEE-9329F05D2082}.Release|x64.ActiveCfg = Release|Any CPU
		{AC40BC43-5D67-451D-ADEE-9329F05D2082}.Release|x64.Build.0 = Release|Any CPU
		{AC40BC43-5D67-451D-ADEE-9329F05D2082}.Release|x86.ActiveCfg = Release|Any CPU
		{AC40BC43-5D67-451D-ADEE-9329F05D2082}.Release|x86.Build.0 = Release|Any CPU
		{D025F297-7F6C-4AFD-9DF6-263AE7F23DF6}.Debug|Any CPU.ActiveCfg = Debug|Any CPU
		{D025F297-7F6C-4AFD-9DF6-263AE7F23DF6}.Debug|Any CPU.Build.0 = Debug|Any CPU
		{D025F297-7F6C-4AFD-9DF6-263AE7F23DF6}.Debug|x64.ActiveCfg = Debug|Any CPU
		{D025F297-7F6C-4AFD-9DF6-263AE7F23DF6}.Debug|x64.Build.0 = Debug|Any CPU
		{D025F297-7F6C-4AFD-9DF6-263AE7F23DF6}.Debug|x86.ActiveCfg = Debug|Any CPU
		{D025F297-7F6C-4AFD-9DF6-263AE7F23DF6}.Debug|x86.Build.0 = Debug|Any CPU
		{D025F297-7F6C-4AFD-9DF6-263AE7F23DF6}.Release|Any CPU.ActiveCfg = Release|Any CPU
		{D025F297-7F6C-4AFD-9DF6-263AE7F23DF6}.Release|Any CPU.Build.0 = Release|Any CPU
		{D025F297-7F6C-4AFD-9DF6-263AE7F23DF6}.Release|x64.ActiveCfg = Release|Any CPU
		{D025F297-7F6C-4AFD-9DF6-263AE7F23DF6}.Release|x64.Build.0 = Release|Any CPU
		{D025F297-7F6C-4AFD-9DF6-263AE7F23DF6}.Release|x86.ActiveCfg = Release|Any CPU
		{D025F297-7F6C-4AFD-9DF6-263AE7F23DF6}.Release|x86.Build.0 = Release|Any CPU
		{955BB1E1-F777-49EC-BD04-C61559679EEB}.Debug|Any CPU.ActiveCfg = Debug|Any CPU
		{955BB1E1-F777-49EC-BD04-C61559679EEB}.Debug|Any CPU.Build.0 = Debug|Any CPU
		{955BB1E1-F777-49EC-BD04-C61559679EEB}.Debug|x64.ActiveCfg = Debug|Any CPU
		{955BB1E1-F777-49EC-BD04-C61559679EEB}.Debug|x64.Build.0 = Debug|Any CPU
		{955BB1E1-F777-49EC-BD04-C61559679EEB}.Debug|x86.ActiveCfg = Debug|Any CPU
		{955BB1E1-F777-49EC-BD04-C61559679EEB}.Debug|x86.Build.0 = Debug|Any CPU
		{955BB1E1-F777-49EC-BD04-C61559679EEB}.Release|Any CPU.ActiveCfg = Release|Any CPU
		{955BB1E1-F777-49EC-BD04-C61559679EEB}.Release|Any CPU.Build.0 = Release|Any CPU
		{955BB1E1-F777-49EC-BD04-C61559679EEB}.Release|x64.ActiveCfg = Release|Any CPU
		{955BB1E1-F777-49EC-BD04-C61559679EEB}.Release|x64.Build.0 = Release|Any CPU
		{955BB1E1-F777-49EC-BD04-C61559679EEB}.Release|x86.ActiveCfg = Release|Any CPU
		{955BB1E1-F777-49EC-BD04-C61559679EEB}.Release|x86.Build.0 = Release|Any CPU
		{2CC13608-6DC3-41CB-BDF7-1A203A5E0AD0}.Debug|Any CPU.ActiveCfg = Debug|Any CPU
		{2CC13608-6DC3-41CB-BDF7-1A203A5E0AD0}.Debug|Any CPU.Build.0 = Debug|Any CPU
		{2CC13608-6DC3-41CB-BDF7-1A203A5E0AD0}.Debug|x64.ActiveCfg = Debug|Any CPU
		{2CC13608-6DC3-41CB-BDF7-1A203A5E0AD0}.Debug|x64.Build.0 = Debug|Any CPU
		{2CC13608-6DC3-41CB-BDF7-1A203A5E0AD0}.Debug|x86.ActiveCfg = Debug|Any CPU
		{2CC13608-6DC3-41CB-BDF7-1A203A5E0AD0}.Debug|x86.Build.0 = Debug|Any CPU
		{2CC13608-6DC3-41CB-BDF7-1A203A5E0AD0}.Release|Any CPU.ActiveCfg = Release|Any CPU
		{2CC13608-6DC3-41CB-BDF7-1A203A5E0AD0}.Release|Any CPU.Build.0 = Release|Any CPU
		{2CC13608-6DC3-41CB-BDF7-1A203A5E0AD0}.Release|x64.ActiveCfg = Release|Any CPU
		{2CC13608-6DC3-41CB-BDF7-1A203A5E0AD0}.Release|x64.Build.0 = Release|Any CPU
		{2CC13608-6DC3-41CB-BDF7-1A203A5E0AD0}.Release|x86.ActiveCfg = Release|Any CPU
		{2CC13608-6DC3-41CB-BDF7-1A203A5E0AD0}.Release|x86.Build.0 = Release|Any CPU
		{350B82B6-D8B5-4BDA-8829-342EBB5B2A09}.Debug|Any CPU.ActiveCfg = Debug|Any CPU
		{350B82B6-D8B5-4BDA-8829-342EBB5B2A09}.Debug|Any CPU.Build.0 = Debug|Any CPU
		{350B82B6-D8B5-4BDA-8829-342EBB5B2A09}.Debug|x64.ActiveCfg = Debug|Any CPU
		{350B82B6-D8B5-4BDA-8829-342EBB5B2A09}.Debug|x64.Build.0 = Debug|Any CPU
		{350B82B6-D8B5-4BDA-8829-342EBB5B2A09}.Debug|x86.ActiveCfg = Debug|Any CPU
		{350B82B6-D8B5-4BDA-8829-342EBB5B2A09}.Debug|x86.Build.0 = Debug|Any CPU
		{350B82B6-D8B5-4BDA-8829-342EBB5B2A09}.Release|Any CPU.ActiveCfg = Release|Any CPU
		{350B82B6-D8B5-4BDA-8829-342EBB5B2A09}.Release|Any CPU.Build.0 = Release|Any CPU
		{350B82B6-D8B5-4BDA-8829-342EBB5B2A09}.Release|x64.ActiveCfg = Release|Any CPU
		{350B82B6-D8B5-4BDA-8829-342EBB5B2A09}.Release|x64.Build.0 = Release|Any CPU
		{350B82B6-D8B5-4BDA-8829-342EBB5B2A09}.Release|x86.ActiveCfg = Release|Any CPU
		{350B82B6-D8B5-4BDA-8829-342EBB5B2A09}.Release|x86.Build.0 = Release|Any CPU
		{CC06807A-D2F4-4240-B235-C0E3E9126E58}.Debug|Any CPU.ActiveCfg = Debug|Any CPU
		{CC06807A-D2F4-4240-B235-C0E3E9126E58}.Debug|Any CPU.Build.0 = Debug|Any CPU
		{CC06807A-D2F4-4240-B235-C0E3E9126E58}.Debug|x64.ActiveCfg = Debug|Any CPU
		{CC06807A-D2F4-4240-B235-C0E3E9126E58}.Debug|x64.Build.0 = Debug|Any CPU
		{CC06807A-D2F4-4240-B235-C0E3E9126E58}.Debug|x86.ActiveCfg = Debug|Any CPU
		{CC06807A-D2F4-4240-B235-C0E3E9126E58}.Debug|x86.Build.0 = Debug|Any CPU
		{CC06807A-D2F4-4240-B235-C0E3E9126E58}.Release|Any CPU.ActiveCfg = Release|Any CPU
		{CC06807A-D2F4-4240-B235-C0E3E9126E58}.Release|Any CPU.Build.0 = Release|Any CPU
		{CC06807A-D2F4-4240-B235-C0E3E9126E58}.Release|x64.ActiveCfg = Release|Any CPU
		{CC06807A-D2F4-4240-B235-C0E3E9126E58}.Release|x64.Build.0 = Release|Any CPU
		{CC06807A-D2F4-4240-B235-C0E3E9126E58}.Release|x86.ActiveCfg = Release|Any CPU
		{CC06807A-D2F4-4240-B235-C0E3E9126E58}.Release|x86.Build.0 = Release|Any CPU
		{28C46DBF-71AC-49DB-9E24-2577C9C1653A}.Debug|Any CPU.ActiveCfg = Debug|Any CPU
		{28C46DBF-71AC-49DB-9E24-2577C9C1653A}.Debug|Any CPU.Build.0 = Debug|Any CPU
		{28C46DBF-71AC-49DB-9E24-2577C9C1653A}.Debug|x64.ActiveCfg = Debug|Any CPU
		{28C46DBF-71AC-49DB-9E24-2577C9C1653A}.Debug|x64.Build.0 = Debug|Any CPU
		{28C46DBF-71AC-49DB-9E24-2577C9C1653A}.Debug|x86.ActiveCfg = Debug|Any CPU
		{28C46DBF-71AC-49DB-9E24-2577C9C1653A}.Debug|x86.Build.0 = Debug|Any CPU
		{28C46DBF-71AC-49DB-9E24-2577C9C1653A}.Release|Any CPU.ActiveCfg = Release|Any CPU
		{28C46DBF-71AC-49DB-9E24-2577C9C1653A}.Release|Any CPU.Build.0 = Release|Any CPU
		{28C46DBF-71AC-49DB-9E24-2577C9C1653A}.Release|x64.ActiveCfg = Release|Any CPU
		{28C46DBF-71AC-49DB-9E24-2577C9C1653A}.Release|x64.Build.0 = Release|Any CPU
		{28C46DBF-71AC-49DB-9E24-2577C9C1653A}.Release|x86.ActiveCfg = Release|Any CPU
		{28C46DBF-71AC-49DB-9E24-2577C9C1653A}.Release|x86.Build.0 = Release|Any CPU
		{7FE1F674-A395-4C48-B61C-D596E3A52B4F}.Debug|Any CPU.ActiveCfg = Debug|Any CPU
		{7FE1F674-A395-4C48-B61C-D596E3A52B4F}.Debug|Any CPU.Build.0 = Debug|Any CPU
		{7FE1F674-A395-4C48-B61C-D596E3A52B4F}.Debug|x64.ActiveCfg = Debug|Any CPU
		{7FE1F674-A395-4C48-B61C-D596E3A52B4F}.Debug|x64.Build.0 = Debug|Any CPU
		{7FE1F674-A395-4C48-B61C-D596E3A52B4F}.Debug|x86.ActiveCfg = Debug|Any CPU
		{7FE1F674-A395-4C48-B61C-D596E3A52B4F}.Debug|x86.Build.0 = Debug|Any CPU
		{7FE1F674-A395-4C48-B61C-D596E3A52B4F}.Release|Any CPU.ActiveCfg = Release|Any CPU
		{7FE1F674-A395-4C48-B61C-D596E3A52B4F}.Release|Any CPU.Build.0 = Release|Any CPU
		{7FE1F674-A395-4C48-B61C-D596E3A52B4F}.Release|x64.ActiveCfg = Release|Any CPU
		{7FE1F674-A395-4C48-B61C-D596E3A52B4F}.Release|x64.Build.0 = Release|Any CPU
		{7FE1F674-A395-4C48-B61C-D596E3A52B4F}.Release|x86.ActiveCfg = Release|Any CPU
		{7FE1F674-A395-4C48-B61C-D596E3A52B4F}.Release|x86.Build.0 = Release|Any CPU
		{50E2A780-E782-4778-91BF-074E0AB1B4F2}.Debug|Any CPU.ActiveCfg = Debug|Any CPU
		{50E2A780-E782-4778-91BF-074E0AB1B4F2}.Debug|Any CPU.Build.0 = Debug|Any CPU
		{50E2A780-E782-4778-91BF-074E0AB1B4F2}.Debug|x64.ActiveCfg = Debug|Any CPU
		{50E2A780-E782-4778-91BF-074E0AB1B4F2}.Debug|x64.Build.0 = Debug|Any CPU
		{50E2A780-E782-4778-91BF-074E0AB1B4F2}.Debug|x86.ActiveCfg = Debug|Any CPU
		{50E2A780-E782-4778-91BF-074E0AB1B4F2}.Debug|x86.Build.0 = Debug|Any CPU
		{50E2A780-E782-4778-91BF-074E0AB1B4F2}.Release|Any CPU.ActiveCfg = Release|Any CPU
		{50E2A780-E782-4778-91BF-074E0AB1B4F2}.Release|Any CPU.Build.0 = Release|Any CPU
		{50E2A780-E782-4778-91BF-074E0AB1B4F2}.Release|x64.ActiveCfg = Release|Any CPU
		{50E2A780-E782-4778-91BF-074E0AB1B4F2}.Release|x64.Build.0 = Release|Any CPU
		{50E2A780-E782-4778-91BF-074E0AB1B4F2}.Release|x86.ActiveCfg = Release|Any CPU
		{50E2A780-E782-4778-91BF-074E0AB1B4F2}.Release|x86.Build.0 = Release|Any CPU
		{1196A96E-61D2-4514-95EA-E2358E52524C}.Debug|Any CPU.ActiveCfg = Debug|Any CPU
		{1196A96E-61D2-4514-95EA-E2358E52524C}.Debug|Any CPU.Build.0 = Debug|Any CPU
		{1196A96E-61D2-4514-95EA-E2358E52524C}.Debug|x64.ActiveCfg = Debug|Any CPU
		{1196A96E-61D2-4514-95EA-E2358E52524C}.Debug|x64.Build.0 = Debug|Any CPU
		{1196A96E-61D2-4514-95EA-E2358E52524C}.Debug|x86.ActiveCfg = Debug|Any CPU
		{1196A96E-61D2-4514-95EA-E2358E52524C}.Debug|x86.Build.0 = Debug|Any CPU
		{1196A96E-61D2-4514-95EA-E2358E52524C}.Release|Any CPU.ActiveCfg = Release|Any CPU
		{1196A96E-61D2-4514-95EA-E2358E52524C}.Release|Any CPU.Build.0 = Release|Any CPU
		{1196A96E-61D2-4514-95EA-E2358E52524C}.Release|x64.ActiveCfg = Release|Any CPU
		{1196A96E-61D2-4514-95EA-E2358E52524C}.Release|x64.Build.0 = Release|Any CPU
		{1196A96E-61D2-4514-95EA-E2358E52524C}.Release|x86.ActiveCfg = Release|Any CPU
		{1196A96E-61D2-4514-95EA-E2358E52524C}.Release|x86.Build.0 = Release|Any CPU
		{580D8CD5-B00D-4835-A6DB-DCFC1D26F671}.Debug|Any CPU.ActiveCfg = Debug|Any CPU
		{580D8CD5-B00D-4835-A6DB-DCFC1D26F671}.Debug|Any CPU.Build.0 = Debug|Any CPU
		{580D8CD5-B00D-4835-A6DB-DCFC1D26F671}.Debug|x64.ActiveCfg = Debug|Any CPU
		{580D8CD5-B00D-4835-A6DB-DCFC1D26F671}.Debug|x64.Build.0 = Debug|Any CPU
		{580D8CD5-B00D-4835-A6DB-DCFC1D26F671}.Debug|x86.ActiveCfg = Debug|Any CPU
		{580D8CD5-B00D-4835-A6DB-DCFC1D26F671}.Debug|x86.Build.0 = Debug|Any CPU
		{580D8CD5-B00D-4835-A6DB-DCFC1D26F671}.Release|Any CPU.ActiveCfg = Release|Any CPU
		{580D8CD5-B00D-4835-A6DB-DCFC1D26F671}.Release|Any CPU.Build.0 = Release|Any CPU
		{580D8CD5-B00D-4835-A6DB-DCFC1D26F671}.Release|x64.ActiveCfg = Release|Any CPU
		{580D8CD5-B00D-4835-A6DB-DCFC1D26F671}.Release|x64.Build.0 = Release|Any CPU
		{580D8CD5-B00D-4835-A6DB-DCFC1D26F671}.Release|x86.ActiveCfg = Release|Any CPU
		{580D8CD5-B00D-4835-A6DB-DCFC1D26F671}.Release|x86.Build.0 = Release|Any CPU
		{EE8B8326-6973-4F9B-9234-7FDCE0E022A8}.Debug|Any CPU.ActiveCfg = Debug|Any CPU
		{EE8B8326-6973-4F9B-9234-7FDCE0E022A8}.Debug|Any CPU.Build.0 = Debug|Any CPU
		{EE8B8326-6973-4F9B-9234-7FDCE0E022A8}.Debug|x64.ActiveCfg = Debug|Any CPU
		{EE8B8326-6973-4F9B-9234-7FDCE0E022A8}.Debug|x64.Build.0 = Debug|Any CPU
		{EE8B8326-6973-4F9B-9234-7FDCE0E022A8}.Debug|x86.ActiveCfg = Debug|Any CPU
		{EE8B8326-6973-4F9B-9234-7FDCE0E022A8}.Debug|x86.Build.0 = Debug|Any CPU
		{EE8B8326-6973-4F9B-9234-7FDCE0E022A8}.Release|Any CPU.ActiveCfg = Release|Any CPU
		{EE8B8326-6973-4F9B-9234-7FDCE0E022A8}.Release|Any CPU.Build.0 = Release|Any CPU
		{EE8B8326-6973-4F9B-9234-7FDCE0E022A8}.Release|x64.ActiveCfg = Release|Any CPU
		{EE8B8326-6973-4F9B-9234-7FDCE0E022A8}.Release|x64.Build.0 = Release|Any CPU
		{EE8B8326-6973-4F9B-9234-7FDCE0E022A8}.Release|x86.ActiveCfg = Release|Any CPU
		{EE8B8326-6973-4F9B-9234-7FDCE0E022A8}.Release|x86.Build.0 = Release|Any CPU
		{158E3DB0-31B6-4615-8AE2-2885DF7F6853}.Debug|Any CPU.ActiveCfg = Debug|Any CPU
		{158E3DB0-31B6-4615-8AE2-2885DF7F6853}.Debug|Any CPU.Build.0 = Debug|Any CPU
		{158E3DB0-31B6-4615-8AE2-2885DF7F6853}.Debug|x64.ActiveCfg = Debug|Any CPU
		{158E3DB0-31B6-4615-8AE2-2885DF7F6853}.Debug|x64.Build.0 = Debug|Any CPU
		{158E3DB0-31B6-4615-8AE2-2885DF7F6853}.Debug|x86.ActiveCfg = Debug|Any CPU
		{158E3DB0-31B6-4615-8AE2-2885DF7F6853}.Debug|x86.Build.0 = Debug|Any CPU
		{158E3DB0-31B6-4615-8AE2-2885DF7F6853}.Release|Any CPU.ActiveCfg = Release|Any CPU
		{158E3DB0-31B6-4615-8AE2-2885DF7F6853}.Release|Any CPU.Build.0 = Release|Any CPU
		{158E3DB0-31B6-4615-8AE2-2885DF7F6853}.Release|x64.ActiveCfg = Release|Any CPU
		{158E3DB0-31B6-4615-8AE2-2885DF7F6853}.Release|x64.Build.0 = Release|Any CPU
		{158E3DB0-31B6-4615-8AE2-2885DF7F6853}.Release|x86.ActiveCfg = Release|Any CPU
		{158E3DB0-31B6-4615-8AE2-2885DF7F6853}.Release|x86.Build.0 = Release|Any CPU
		{F55A3A5F-A764-4A17-8566-0A71F1BF801F}.Debug|Any CPU.ActiveCfg = Debug|Any CPU
		{F55A3A5F-A764-4A17-8566-0A71F1BF801F}.Debug|Any CPU.Build.0 = Debug|Any CPU
		{F55A3A5F-A764-4A17-8566-0A71F1BF801F}.Debug|x64.ActiveCfg = Debug|Any CPU
		{F55A3A5F-A764-4A17-8566-0A71F1BF801F}.Debug|x64.Build.0 = Debug|Any CPU
		{F55A3A5F-A764-4A17-8566-0A71F1BF801F}.Debug|x86.ActiveCfg = Debug|Any CPU
		{F55A3A5F-A764-4A17-8566-0A71F1BF801F}.Debug|x86.Build.0 = Debug|Any CPU
		{F55A3A5F-A764-4A17-8566-0A71F1BF801F}.Release|Any CPU.ActiveCfg = Release|Any CPU
		{F55A3A5F-A764-4A17-8566-0A71F1BF801F}.Release|Any CPU.Build.0 = Release|Any CPU
		{F55A3A5F-A764-4A17-8566-0A71F1BF801F}.Release|x64.ActiveCfg = Release|Any CPU
		{F55A3A5F-A764-4A17-8566-0A71F1BF801F}.Release|x64.Build.0 = Release|Any CPU
		{F55A3A5F-A764-4A17-8566-0A71F1BF801F}.Release|x86.ActiveCfg = Release|Any CPU
		{F55A3A5F-A764-4A17-8566-0A71F1BF801F}.Release|x86.Build.0 = Release|Any CPU
		{12D32257-4D54-4CE3-826B-F528DF83476C}.Debug|Any CPU.ActiveCfg = Debug|Any CPU
		{12D32257-4D54-4CE3-826B-F528DF83476C}.Debug|Any CPU.Build.0 = Debug|Any CPU
		{12D32257-4D54-4CE3-826B-F528DF83476C}.Debug|x64.ActiveCfg = Debug|Any CPU
		{12D32257-4D54-4CE3-826B-F528DF83476C}.Debug|x64.Build.0 = Debug|Any CPU
		{12D32257-4D54-4CE3-826B-F528DF83476C}.Debug|x86.ActiveCfg = Debug|Any CPU
		{12D32257-4D54-4CE3-826B-F528DF83476C}.Debug|x86.Build.0 = Debug|Any CPU
		{12D32257-4D54-4CE3-826B-F528DF83476C}.Release|Any CPU.ActiveCfg = Release|Any CPU
		{12D32257-4D54-4CE3-826B-F528DF83476C}.Release|Any CPU.Build.0 = Release|Any CPU
		{12D32257-4D54-4CE3-826B-F528DF83476C}.Release|x64.ActiveCfg = Release|Any CPU
		{12D32257-4D54-4CE3-826B-F528DF83476C}.Release|x64.Build.0 = Release|Any CPU
		{12D32257-4D54-4CE3-826B-F528DF83476C}.Release|x86.ActiveCfg = Release|Any CPU
		{12D32257-4D54-4CE3-826B-F528DF83476C}.Release|x86.Build.0 = Release|Any CPU
		{92D25CF6-E4F9-44FC-ABB8-7BC3F5AF248B}.Debug|Any CPU.ActiveCfg = Debug|Any CPU
		{92D25CF6-E4F9-44FC-ABB8-7BC3F5AF248B}.Debug|Any CPU.Build.0 = Debug|Any CPU
		{92D25CF6-E4F9-44FC-ABB8-7BC3F5AF248B}.Debug|x64.ActiveCfg = Debug|Any CPU
		{92D25CF6-E4F9-44FC-ABB8-7BC3F5AF248B}.Debug|x64.Build.0 = Debug|Any CPU
		{92D25CF6-E4F9-44FC-ABB8-7BC3F5AF248B}.Debug|x86.ActiveCfg = Debug|Any CPU
		{92D25CF6-E4F9-44FC-ABB8-7BC3F5AF248B}.Debug|x86.Build.0 = Debug|Any CPU
		{92D25CF6-E4F9-44FC-ABB8-7BC3F5AF248B}.Release|Any CPU.ActiveCfg = Release|Any CPU
		{92D25CF6-E4F9-44FC-ABB8-7BC3F5AF248B}.Release|Any CPU.Build.0 = Release|Any CPU
		{92D25CF6-E4F9-44FC-ABB8-7BC3F5AF248B}.Release|x64.ActiveCfg = Release|Any CPU
		{92D25CF6-E4F9-44FC-ABB8-7BC3F5AF248B}.Release|x64.Build.0 = Release|Any CPU
		{92D25CF6-E4F9-44FC-ABB8-7BC3F5AF248B}.Release|x86.ActiveCfg = Release|Any CPU
		{92D25CF6-E4F9-44FC-ABB8-7BC3F5AF248B}.Release|x86.Build.0 = Release|Any CPU
		{67D4AB08-7652-4851-8362-85009147E968}.Debug|Any CPU.ActiveCfg = Debug|Any CPU
		{67D4AB08-7652-4851-8362-85009147E968}.Debug|Any CPU.Build.0 = Debug|Any CPU
		{67D4AB08-7652-4851-8362-85009147E968}.Debug|x64.ActiveCfg = Debug|Any CPU
		{67D4AB08-7652-4851-8362-85009147E968}.Debug|x64.Build.0 = Debug|Any CPU
		{67D4AB08-7652-4851-8362-85009147E968}.Debug|x86.ActiveCfg = Debug|Any CPU
		{67D4AB08-7652-4851-8362-85009147E968}.Debug|x86.Build.0 = Debug|Any CPU
		{67D4AB08-7652-4851-8362-85009147E968}.Release|Any CPU.ActiveCfg = Release|Any CPU
		{67D4AB08-7652-4851-8362-85009147E968}.Release|Any CPU.Build.0 = Release|Any CPU
		{67D4AB08-7652-4851-8362-85009147E968}.Release|x64.ActiveCfg = Release|Any CPU
		{67D4AB08-7652-4851-8362-85009147E968}.Release|x64.Build.0 = Release|Any CPU
		{67D4AB08-7652-4851-8362-85009147E968}.Release|x86.ActiveCfg = Release|Any CPU
		{67D4AB08-7652-4851-8362-85009147E968}.Release|x86.Build.0 = Release|Any CPU
		{A5E00821-AEE5-4AE5-818F-F6E9B058BCF8}.Debug|Any CPU.ActiveCfg = Debug|Any CPU
		{A5E00821-AEE5-4AE5-818F-F6E9B058BCF8}.Debug|Any CPU.Build.0 = Debug|Any CPU
		{A5E00821-AEE5-4AE5-818F-F6E9B058BCF8}.Debug|x64.ActiveCfg = Debug|Any CPU
		{A5E00821-AEE5-4AE5-818F-F6E9B058BCF8}.Debug|x64.Build.0 = Debug|Any CPU
		{A5E00821-AEE5-4AE5-818F-F6E9B058BCF8}.Debug|x86.ActiveCfg = Debug|Any CPU
		{A5E00821-AEE5-4AE5-818F-F6E9B058BCF8}.Debug|x86.Build.0 = Debug|Any CPU
		{A5E00821-AEE5-4AE5-818F-F6E9B058BCF8}.Release|Any CPU.ActiveCfg = Release|Any CPU
		{A5E00821-AEE5-4AE5-818F-F6E9B058BCF8}.Release|Any CPU.Build.0 = Release|Any CPU
		{A5E00821-AEE5-4AE5-818F-F6E9B058BCF8}.Release|x64.ActiveCfg = Release|Any CPU
		{A5E00821-AEE5-4AE5-818F-F6E9B058BCF8}.Release|x64.Build.0 = Release|Any CPU
		{A5E00821-AEE5-4AE5-818F-F6E9B058BCF8}.Release|x86.ActiveCfg = Release|Any CPU
		{A5E00821-AEE5-4AE5-818F-F6E9B058BCF8}.Release|x86.Build.0 = Release|Any CPU
		{56343E4D-A968-426E-8D0F-31EB30D0170F}.Debug|Any CPU.ActiveCfg = Debug|Any CPU
		{56343E4D-A968-426E-8D0F-31EB30D0170F}.Debug|Any CPU.Build.0 = Debug|Any CPU
		{56343E4D-A968-426E-8D0F-31EB30D0170F}.Debug|x64.ActiveCfg = Debug|Any CPU
		{56343E4D-A968-426E-8D0F-31EB30D0170F}.Debug|x64.Build.0 = Debug|Any CPU
		{56343E4D-A968-426E-8D0F-31EB30D0170F}.Debug|x86.ActiveCfg = Debug|Any CPU
		{56343E4D-A968-426E-8D0F-31EB30D0170F}.Debug|x86.Build.0 = Debug|Any CPU
		{56343E4D-A968-426E-8D0F-31EB30D0170F}.Release|Any CPU.ActiveCfg = Release|Any CPU
		{56343E4D-A968-426E-8D0F-31EB30D0170F}.Release|Any CPU.Build.0 = Release|Any CPU
		{56343E4D-A968-426E-8D0F-31EB30D0170F}.Release|x64.ActiveCfg = Release|Any CPU
		{56343E4D-A968-426E-8D0F-31EB30D0170F}.Release|x64.Build.0 = Release|Any CPU
		{56343E4D-A968-426E-8D0F-31EB30D0170F}.Release|x86.ActiveCfg = Release|Any CPU
		{56343E4D-A968-426E-8D0F-31EB30D0170F}.Release|x86.Build.0 = Release|Any CPU
		{2FF3F5D5-C98F-4B00-98BD-CFA76C06CF1D}.Debug|Any CPU.ActiveCfg = Debug|Any CPU
		{2FF3F5D5-C98F-4B00-98BD-CFA76C06CF1D}.Debug|Any CPU.Build.0 = Debug|Any CPU
		{2FF3F5D5-C98F-4B00-98BD-CFA76C06CF1D}.Debug|x64.ActiveCfg = Debug|Any CPU
		{2FF3F5D5-C98F-4B00-98BD-CFA76C06CF1D}.Debug|x64.Build.0 = Debug|Any CPU
		{2FF3F5D5-C98F-4B00-98BD-CFA76C06CF1D}.Debug|x86.ActiveCfg = Debug|Any CPU
		{2FF3F5D5-C98F-4B00-98BD-CFA76C06CF1D}.Debug|x86.Build.0 = Debug|Any CPU
		{2FF3F5D5-C98F-4B00-98BD-CFA76C06CF1D}.Release|Any CPU.ActiveCfg = Release|Any CPU
		{2FF3F5D5-C98F-4B00-98BD-CFA76C06CF1D}.Release|Any CPU.Build.0 = Release|Any CPU
		{2FF3F5D5-C98F-4B00-98BD-CFA76C06CF1D}.Release|x64.ActiveCfg = Release|Any CPU
		{2FF3F5D5-C98F-4B00-98BD-CFA76C06CF1D}.Release|x64.Build.0 = Release|Any CPU
		{2FF3F5D5-C98F-4B00-98BD-CFA76C06CF1D}.Release|x86.ActiveCfg = Release|Any CPU
		{2FF3F5D5-C98F-4B00-98BD-CFA76C06CF1D}.Release|x86.Build.0 = Release|Any CPU
		{43A3BA76-BB5F-433E-B006-81F1FC807701}.Debug|Any CPU.ActiveCfg = Debug|Any CPU
		{43A3BA76-BB5F-433E-B006-81F1FC807701}.Debug|Any CPU.Build.0 = Debug|Any CPU
		{43A3BA76-BB5F-433E-B006-81F1FC807701}.Debug|x64.ActiveCfg = Debug|Any CPU
		{43A3BA76-BB5F-433E-B006-81F1FC807701}.Debug|x64.Build.0 = Debug|Any CPU
		{43A3BA76-BB5F-433E-B006-81F1FC807701}.Debug|x86.ActiveCfg = Debug|Any CPU
		{43A3BA76-BB5F-433E-B006-81F1FC807701}.Debug|x86.Build.0 = Debug|Any CPU
		{43A3BA76-BB5F-433E-B006-81F1FC807701}.Release|Any CPU.ActiveCfg = Release|Any CPU
		{43A3BA76-BB5F-433E-B006-81F1FC807701}.Release|Any CPU.Build.0 = Release|Any CPU
		{43A3BA76-BB5F-433E-B006-81F1FC807701}.Release|x64.ActiveCfg = Release|Any CPU
		{43A3BA76-BB5F-433E-B006-81F1FC807701}.Release|x64.Build.0 = Release|Any CPU
		{43A3BA76-BB5F-433E-B006-81F1FC807701}.Release|x86.ActiveCfg = Release|Any CPU
		{43A3BA76-BB5F-433E-B006-81F1FC807701}.Release|x86.Build.0 = Release|Any CPU
		{0E48C6C5-FB28-4709-B210-027DD5B7D3BA}.Debug|Any CPU.ActiveCfg = Debug|Any CPU
		{0E48C6C5-FB28-4709-B210-027DD5B7D3BA}.Debug|Any CPU.Build.0 = Debug|Any CPU
		{0E48C6C5-FB28-4709-B210-027DD5B7D3BA}.Debug|x64.ActiveCfg = Debug|Any CPU
		{0E48C6C5-FB28-4709-B210-027DD5B7D3BA}.Debug|x64.Build.0 = Debug|Any CPU
		{0E48C6C5-FB28-4709-B210-027DD5B7D3BA}.Debug|x86.ActiveCfg = Debug|Any CPU
		{0E48C6C5-FB28-4709-B210-027DD5B7D3BA}.Debug|x86.Build.0 = Debug|Any CPU
		{0E48C6C5-FB28-4709-B210-027DD5B7D3BA}.Release|Any CPU.ActiveCfg = Release|Any CPU
		{0E48C6C5-FB28-4709-B210-027DD5B7D3BA}.Release|Any CPU.Build.0 = Release|Any CPU
		{0E48C6C5-FB28-4709-B210-027DD5B7D3BA}.Release|x64.ActiveCfg = Release|Any CPU
		{0E48C6C5-FB28-4709-B210-027DD5B7D3BA}.Release|x64.Build.0 = Release|Any CPU
		{0E48C6C5-FB28-4709-B210-027DD5B7D3BA}.Release|x86.ActiveCfg = Release|Any CPU
		{0E48C6C5-FB28-4709-B210-027DD5B7D3BA}.Release|x86.Build.0 = Release|Any CPU
		{E6E7FED7-C316-42F5-AC05-15D180314E86}.Debug|Any CPU.ActiveCfg = Debug|Any CPU
		{E6E7FED7-C316-42F5-AC05-15D180314E86}.Debug|Any CPU.Build.0 = Debug|Any CPU
		{E6E7FED7-C316-42F5-AC05-15D180314E86}.Debug|x64.ActiveCfg = Debug|Any CPU
		{E6E7FED7-C316-42F5-AC05-15D180314E86}.Debug|x64.Build.0 = Debug|Any CPU
		{E6E7FED7-C316-42F5-AC05-15D180314E86}.Debug|x86.ActiveCfg = Debug|Any CPU
		{E6E7FED7-C316-42F5-AC05-15D180314E86}.Debug|x86.Build.0 = Debug|Any CPU
		{E6E7FED7-C316-42F5-AC05-15D180314E86}.Release|Any CPU.ActiveCfg = Release|Any CPU
		{E6E7FED7-C316-42F5-AC05-15D180314E86}.Release|Any CPU.Build.0 = Release|Any CPU
		{E6E7FED7-C316-42F5-AC05-15D180314E86}.Release|x64.ActiveCfg = Release|Any CPU
		{E6E7FED7-C316-42F5-AC05-15D180314E86}.Release|x64.Build.0 = Release|Any CPU
		{E6E7FED7-C316-42F5-AC05-15D180314E86}.Release|x86.ActiveCfg = Release|Any CPU
		{E6E7FED7-C316-42F5-AC05-15D180314E86}.Release|x86.Build.0 = Release|Any CPU
		{5EC12E84-0F7C-4084-91CE-15A056B50CB9}.Debug|Any CPU.ActiveCfg = Debug|Any CPU
		{5EC12E84-0F7C-4084-91CE-15A056B50CB9}.Debug|Any CPU.Build.0 = Debug|Any CPU
		{5EC12E84-0F7C-4084-91CE-15A056B50CB9}.Debug|x64.ActiveCfg = Debug|Any CPU
		{5EC12E84-0F7C-4084-91CE-15A056B50CB9}.Debug|x64.Build.0 = Debug|Any CPU
		{5EC12E84-0F7C-4084-91CE-15A056B50CB9}.Debug|x86.ActiveCfg = Debug|Any CPU
		{5EC12E84-0F7C-4084-91CE-15A056B50CB9}.Debug|x86.Build.0 = Debug|Any CPU
		{5EC12E84-0F7C-4084-91CE-15A056B50CB9}.Release|Any CPU.ActiveCfg = Release|Any CPU
		{5EC12E84-0F7C-4084-91CE-15A056B50CB9}.Release|Any CPU.Build.0 = Release|Any CPU
		{5EC12E84-0F7C-4084-91CE-15A056B50CB9}.Release|x64.ActiveCfg = Release|Any CPU
		{5EC12E84-0F7C-4084-91CE-15A056B50CB9}.Release|x64.Build.0 = Release|Any CPU
		{5EC12E84-0F7C-4084-91CE-15A056B50CB9}.Release|x86.ActiveCfg = Release|Any CPU
		{5EC12E84-0F7C-4084-91CE-15A056B50CB9}.Release|x86.Build.0 = Release|Any CPU
		{6180E92C-3690-443F-842C-F95B56E2153B}.Debug|Any CPU.ActiveCfg = Debug|Any CPU
		{6180E92C-3690-443F-842C-F95B56E2153B}.Debug|Any CPU.Build.0 = Debug|Any CPU
		{6180E92C-3690-443F-842C-F95B56E2153B}.Debug|x64.ActiveCfg = Debug|Any CPU
		{6180E92C-3690-443F-842C-F95B56E2153B}.Debug|x64.Build.0 = Debug|Any CPU
		{6180E92C-3690-443F-842C-F95B56E2153B}.Debug|x86.ActiveCfg = Debug|Any CPU
		{6180E92C-3690-443F-842C-F95B56E2153B}.Debug|x86.Build.0 = Debug|Any CPU
		{6180E92C-3690-443F-842C-F95B56E2153B}.Release|Any CPU.ActiveCfg = Release|Any CPU
		{6180E92C-3690-443F-842C-F95B56E2153B}.Release|Any CPU.Build.0 = Release|Any CPU
		{6180E92C-3690-443F-842C-F95B56E2153B}.Release|x64.ActiveCfg = Release|Any CPU
		{6180E92C-3690-443F-842C-F95B56E2153B}.Release|x64.Build.0 = Release|Any CPU
		{6180E92C-3690-443F-842C-F95B56E2153B}.Release|x86.ActiveCfg = Release|Any CPU
		{6180E92C-3690-443F-842C-F95B56E2153B}.Release|x86.Build.0 = Release|Any CPU
		{D3EE99A7-EB44-4745-B7E7-42038D706196}.Debug|Any CPU.ActiveCfg = Debug|Any CPU
		{D3EE99A7-EB44-4745-B7E7-42038D706196}.Debug|Any CPU.Build.0 = Debug|Any CPU
		{D3EE99A7-EB44-4745-B7E7-42038D706196}.Debug|x64.ActiveCfg = Debug|Any CPU
		{D3EE99A7-EB44-4745-B7E7-42038D706196}.Debug|x64.Build.0 = Debug|Any CPU
		{D3EE99A7-EB44-4745-B7E7-42038D706196}.Debug|x86.ActiveCfg = Debug|Any CPU
		{D3EE99A7-EB44-4745-B7E7-42038D706196}.Debug|x86.Build.0 = Debug|Any CPU
		{D3EE99A7-EB44-4745-B7E7-42038D706196}.Release|Any CPU.ActiveCfg = Release|Any CPU
		{D3EE99A7-EB44-4745-B7E7-42038D706196}.Release|Any CPU.Build.0 = Release|Any CPU
		{D3EE99A7-EB44-4745-B7E7-42038D706196}.Release|x64.ActiveCfg = Release|Any CPU
		{D3EE99A7-EB44-4745-B7E7-42038D706196}.Release|x64.Build.0 = Release|Any CPU
		{D3EE99A7-EB44-4745-B7E7-42038D706196}.Release|x86.ActiveCfg = Release|Any CPU
		{D3EE99A7-EB44-4745-B7E7-42038D706196}.Release|x86.Build.0 = Release|Any CPU
		{91846FA5-9A31-46A3-85EB-74998B019691}.Debug|Any CPU.ActiveCfg = Debug|Any CPU
		{91846FA5-9A31-46A3-85EB-74998B019691}.Debug|Any CPU.Build.0 = Debug|Any CPU
		{91846FA5-9A31-46A3-85EB-74998B019691}.Debug|x64.ActiveCfg = Debug|Any CPU
		{91846FA5-9A31-46A3-85EB-74998B019691}.Debug|x64.Build.0 = Debug|Any CPU
		{91846FA5-9A31-46A3-85EB-74998B019691}.Debug|x86.ActiveCfg = Debug|Any CPU
		{91846FA5-9A31-46A3-85EB-74998B019691}.Debug|x86.Build.0 = Debug|Any CPU
		{91846FA5-9A31-46A3-85EB-74998B019691}.Release|Any CPU.ActiveCfg = Release|Any CPU
		{91846FA5-9A31-46A3-85EB-74998B019691}.Release|Any CPU.Build.0 = Release|Any CPU
		{91846FA5-9A31-46A3-85EB-74998B019691}.Release|x64.ActiveCfg = Release|Any CPU
		{91846FA5-9A31-46A3-85EB-74998B019691}.Release|x64.Build.0 = Release|Any CPU
		{91846FA5-9A31-46A3-85EB-74998B019691}.Release|x86.ActiveCfg = Release|Any CPU
		{91846FA5-9A31-46A3-85EB-74998B019691}.Release|x86.Build.0 = Release|Any CPU
	EndGlobalSection
	GlobalSection(SolutionProperties) = preSolution
		HideSolutionNode = FALSE
	EndGlobalSection
	GlobalSection(NestedProjects) = preSolution
		{B593D92E-7658-4242-A04E-E4A21C158882} = {B19398E9-1392-48AA-AF05-49EE818EA5AB}
		{6D14A6EC-1922-4C03-88C3-FF4D70A48D2E} = {060D0E81-AF8D-452B-9746-A27621001C39}
		{76874A36-8E2D-4CF5-9A4A-3B75C6A86626} = {060D0E81-AF8D-452B-9746-A27621001C39}
		{05CA06D1-4ED9-4BC6-BBA2-4EADC49ED2AE} = {060D0E81-AF8D-452B-9746-A27621001C39}
		{060D0E81-AF8D-452B-9746-A27621001C39} = {B593D92E-7658-4242-A04E-E4A21C158882}
		{91A60B57-4D72-402E-A70D-1D105158B03D} = {B593D92E-7658-4242-A04E-E4A21C158882}
		{6F49E1A8-CC43-4EE4-AFBD-19A9176D332D} = {B593D92E-7658-4242-A04E-E4A21C158882}
		{BD7780F5-E74D-42F0-BDD2-0AC58CDC155D} = {B593D92E-7658-4242-A04E-E4A21C158882}
		{0554C287-5755-43DB-81A2-7E33BE73376C} = {91A60B57-4D72-402E-A70D-1D105158B03D}
		{49A5BBC8-6DFD-449C-AAA0-A5228B022679} = {6F49E1A8-CC43-4EE4-AFBD-19A9176D332D}
		{CD5C98B1-29A6-4C6E-942A-4350EB43B45B} = {6F49E1A8-CC43-4EE4-AFBD-19A9176D332D}
		{4E7F8B5B-3D5D-4F09-A7C1-8AE94C1B6F2A} = {6F49E1A8-CC43-4EE4-AFBD-19A9176D332D}
		{EE8071DF-E394-4821-B593-5DBF8086FE13} = {6F49E1A8-CC43-4EE4-AFBD-19A9176D332D}
		{301022B4-3510-4E50-A64D-EF715A08298B} = {6F49E1A8-CC43-4EE4-AFBD-19A9176D332D}
		{2E315D13-59EB-4980-A58F-B4B335C7CC74} = {6F49E1A8-CC43-4EE4-AFBD-19A9176D332D}
		{FD3F8B32-6EC9-4249-AC27-A5F39652B0DA} = {6F49E1A8-CC43-4EE4-AFBD-19A9176D332D}
		{68E27E08-8D8A-47B2-B8C8-69C687823A22} = {E6089DFE-178E-468D-BE53-D53F9CF3513A}
		{ECBB92E0-778C-47A5-BF81-E6D3574E6F8D} = {BD7780F5-E74D-42F0-BDD2-0AC58CDC155D}
		{6031F601-052E-496F-897C-722C07A4BA74} = {B19398E9-1392-48AA-AF05-49EE818EA5AB}
		{ADB0C36E-FC20-46D8-AD33-89D9F81191E2} = {B19398E9-1392-48AA-AF05-49EE818EA5AB}
		{6A03F4FE-30E7-4BA4-B80C-B98397A98599} = {B19398E9-1392-48AA-AF05-49EE818EA5AB}
		{51E6DEF9-AF48-422F-9347-9A2356788A08} = {B19398E9-1392-48AA-AF05-49EE818EA5AB}
		{B5F0A83D-D1C3-41A1-A241-ADB30B19AEE1} = {B19398E9-1392-48AA-AF05-49EE818EA5AB}
		{82265025-3515-4E1E-9221-FB2892D1F7AE} = {B593D92E-7658-4242-A04E-E4A21C158882}
		{AC40BC43-5D67-451D-ADEE-9329F05D2082} = {02627A78-D51F-4B36-AA5D-C221E6E90347}
		{EE8B8326-6973-4F9B-9234-7FDCE0E022A8} = {E370BD31-AF68-415B-9E33-FE2AB6B79220}
		{158E3DB0-31B6-4615-8AE2-2885DF7F6853} = {1CB6627C-BE39-4801-A67C-596FE989F063}
		{EF149CA4-F8EE-4972-AFEF-5303E1C57451} = {B593D92E-7658-4242-A04E-E4A21C158882}
		{F55A3A5F-A764-4A17-8566-0A71F1BF801F} = {EF149CA4-F8EE-4972-AFEF-5303E1C57451}
		{12D32257-4D54-4CE3-826B-F528DF83476C} = {EF149CA4-F8EE-4972-AFEF-5303E1C57451}
		{92D25CF6-E4F9-44FC-ABB8-7BC3F5AF248B} = {EF149CA4-F8EE-4972-AFEF-5303E1C57451}
		{67D4AB08-7652-4851-8362-85009147E968} = {E6089DFE-178E-468D-BE53-D53F9CF3513A}
		{6180E92C-3690-443F-842C-F95B56E2153B} = {1CB6627C-BE39-4801-A67C-596FE989F063}
	EndGlobalSection
	GlobalSection(ExtensibilityGlobals) = postSolution
		SolutionGuid = {B8C798CE-D354-4653-9281-21DE436B6288}
	EndGlobalSection
EndGlobal
