
Microsoft Visual Studio Solution File, Format Version 12.00
# Visual Studio Version 17
VisualStudioVersion = 17.0.31903.59
MinimumVisualStudioVersion = 10.0.40219.1
Project("{9A19103F-16F7-4668-BE54-9A1E7A4F7556}") = "CSharpConsoleApp", "CSharpConsoleApp\CSharpConsoleApp.csproj", "{9C777ECC-C1A6-4B75-AF51-00D30689A0CA}"
	ProjectSection(ProjectDependencies) = postProject
		{0312467B-4442-4BE5-9C22-9D0AFAC1C522} = {0312467B-4442-4BE5-9C22-9D0AFAC1C522}
	EndProjectSection
EndProject
Project("{9A19103F-16F7-4668-BE54-9A1E7A4F7556}") = "QSharpConsoleApp", "QSharpConsoleApp\QSharpConsoleApp.csproj", "{B6197CB5-4D15-426E-BA6E-B60C722E4CEF}"
EndProject
Project("{6EC3EE1D-3C4E-46DD-8F32-0CC8E7565705}") = "FSharpClassLibrary", "FSharpClassLibrary\FSharpClassLibrary.fsproj", "{FD2C8C8C-446F-4461-8E3A-D8A8587D49CA}"
EndProject
Project("{9A19103F-16F7-4668-BE54-9A1E7A4F7556}") = "QSharpLibrary", "QSharpLibrary\QSharpLibrary.csproj", "{54A850B9-ED4D-4950-8C1F-1EF086ECA999}"
EndProject
Project("{9A19103F-16F7-4668-BE54-9A1E7A4F7556}") = "CSharpClassLibrary", "CSharpClassLibrary\CSharpClassLibrary.csproj", "{1918D848-B57B-4E4E-9C0F-6BFA19D573DB}"
EndProject
Project("{9A19103F-16F7-4668-BE54-9A1E7A4F7556}") = "XUnitTestProject", "XUnitTestProject\XUnitTestProject.csproj", "{38B75116-B3E3-4659-89EB-57A3D320F351}"
EndProject
Project("{8BC9CEB8-8B4A-11D0-8D11-00A0C91BC942}") = "NativeClassLibrary", "NativeClassLibrary\NativeClassLibrary.vs.vcxproj", "{0312467B-4442-4BE5-9C22-9D0AFAC1C522}"
EndProject
Project("{6EC3EE1D-3C4E-46DD-8F32-0CC8E7565705}") = "FSharpConsoleApp", "FSharpConsoleApp\FSharpConsoleApp.fsproj", "{83F49E72-E6D2-4C06-96F7-B3C9AF6BCA3B}"
EndProject
Project("{8BC9CEB8-8B4A-11D0-8D11-00A0C91BC942}") = "EmbedMono", "EmbedMono\EmbedMono.vcxproj", "{6CB29899-D7E8-484B-ACE9-A2FECEC1670B}"
EndProject
Project("{9A19103F-16F7-4668-BE54-9A1E7A4F7556}") = "MSUnitTestProject", "MSUnitTestProject\MSUnitTestProject.csproj", "{29A201CC-5A78-4339-AFD7-6EDBFB54BC9F}"
EndProject
Project("{9A19103F-16F7-4668-BE54-9A1E7A4F7556}") = "LearningAzureSearch", "LearningAzureSearch\LearningAzureSearch.csproj", "{A00E1B0E-5845-4E9D-B946-9DAD8F0B0299}"
EndProject
Project("{151D2E53-A2C4-4D7D-83FE-D05416EBD58E}") = "AzureResourceGroup1", "AzureResourceGroup1\AzureResourceGroup1.deployproj", "{3E55FB68-80F3-43B9-A661-47AE0BB0A2CB}"
EndProject
Project("{9A19103F-16F7-4668-BE54-9A1E7A4F7556}") = "WebAPI", "WebAPI\WebAPI.csproj", "{DD6FB3AC-C959-49B4-941A-83EC5F45220F}"
EndProject
Project("{9A19103F-16F7-4668-BE54-9A1E7A4F7556}") = "DontRunMe", "DontRunMe\DontRunMe.csproj", "{379461E0-90D0-48B5-A593-39173923EFD1}"
EndProject
Project("{9A19103F-16F7-4668-BE54-9A1E7A4F7556}") = "PythonInterop", "PythonInterop\PythonInterop.csproj", "{19317F37-18D8-4FE2-8866-D3B55FFAB3B7}"
EndProject
Project("{2150E333-8FDC-42A3-9474-1A3956D46DE8}") = "Blazor", "Blazor", "{B593D92E-7658-4242-A04E-E4A21C158882}"
EndProject
Project("{9A19103F-16F7-4668-BE54-9A1E7A4F7556}") = "BlazorWebAssemblyApp.Server", "Blazor\BlazorWebAssemblyApp\Server\BlazorWebAssemblyApp.Server.csproj", "{6D14A6EC-1922-4C03-88C3-FF4D70A48D2E}"
EndProject
Project("{9A19103F-16F7-4668-BE54-9A1E7A4F7556}") = "BlazorWebAssemblyApp.Client", "Blazor\BlazorWebAssemblyApp\Client\BlazorWebAssemblyApp.Client.csproj", "{76874A36-8E2D-4CF5-9A4A-3B75C6A86626}"
EndProject
Project("{9A19103F-16F7-4668-BE54-9A1E7A4F7556}") = "BlazorWebAssemblyApp.Shared", "Blazor\BlazorWebAssemblyApp\Shared\BlazorWebAssemblyApp.Shared.csproj", "{05CA06D1-4ED9-4BC6-BBA2-4EADC49ED2AE}"
EndProject
Global
	GlobalSection(SolutionConfigurationPlatforms) = preSolution
		Debug|Any CPU = Debug|Any CPU
		Debug|x64 = Debug|x64
		Debug|x86 = Debug|x86
		Release|Any CPU = Release|Any CPU
		Release|x64 = Release|x64
		Release|x86 = Release|x86
	EndGlobalSection
	GlobalSection(ProjectConfigurationPlatforms) = postSolution
		{9C777ECC-C1A6-4B75-AF51-00D30689A0CA}.Debug|Any CPU.ActiveCfg = Debug|Any CPU
		{9C777ECC-C1A6-4B75-AF51-00D30689A0CA}.Debug|Any CPU.Build.0 = Debug|Any CPU
		{9C777ECC-C1A6-4B75-AF51-00D30689A0CA}.Debug|x64.ActiveCfg = Debug|x64
		{9C777ECC-C1A6-4B75-AF51-00D30689A0CA}.Debug|x64.Build.0 = Debug|x64
		{9C777ECC-C1A6-4B75-AF51-00D30689A0CA}.Debug|x86.ActiveCfg = Debug|Any CPU
		{9C777ECC-C1A6-4B75-AF51-00D30689A0CA}.Debug|x86.Build.0 = Debug|Any CPU
		{9C777ECC-C1A6-4B75-AF51-00D30689A0CA}.Release|Any CPU.ActiveCfg = Release|Any CPU
		{9C777ECC-C1A6-4B75-AF51-00D30689A0CA}.Release|Any CPU.Build.0 = Release|Any CPU
		{9C777ECC-C1A6-4B75-AF51-00D30689A0CA}.Release|x64.ActiveCfg = Release|Any CPU
		{9C777ECC-C1A6-4B75-AF51-00D30689A0CA}.Release|x64.Build.0 = Release|Any CPU
		{9C777ECC-C1A6-4B75-AF51-00D30689A0CA}.Release|x86.ActiveCfg = Release|Any CPU
		{9C777ECC-C1A6-4B75-AF51-00D30689A0CA}.Release|x86.Build.0 = Release|Any CPU
		{B6197CB5-4D15-426E-BA6E-B60C722E4CEF}.Debug|Any CPU.ActiveCfg = Debug|Any CPU
		{B6197CB5-4D15-426E-BA6E-B60C722E4CEF}.Debug|Any CPU.Build.0 = Debug|Any CPU
		{B6197CB5-4D15-426E-BA6E-B60C722E4CEF}.Debug|x64.ActiveCfg = Debug|Any CPU
		{B6197CB5-4D15-426E-BA6E-B60C722E4CEF}.Debug|x64.Build.0 = Debug|Any CPU
		{B6197CB5-4D15-426E-BA6E-B60C722E4CEF}.Debug|x86.ActiveCfg = Debug|Any CPU
		{B6197CB5-4D15-426E-BA6E-B60C722E4CEF}.Debug|x86.Build.0 = Debug|Any CPU
		{B6197CB5-4D15-426E-BA6E-B60C722E4CEF}.Release|Any CPU.ActiveCfg = Release|Any CPU
		{B6197CB5-4D15-426E-BA6E-B60C722E4CEF}.Release|Any CPU.Build.0 = Release|Any CPU
		{B6197CB5-4D15-426E-BA6E-B60C722E4CEF}.Release|x64.ActiveCfg = Release|Any CPU
		{B6197CB5-4D15-426E-BA6E-B60C722E4CEF}.Release|x64.Build.0 = Release|Any CPU
		{B6197CB5-4D15-426E-BA6E-B60C722E4CEF}.Release|x86.ActiveCfg = Release|Any CPU
		{B6197CB5-4D15-426E-BA6E-B60C722E4CEF}.Release|x86.Build.0 = Release|Any CPU
		{FD2C8C8C-446F-4461-8E3A-D8A8587D49CA}.Debug|Any CPU.ActiveCfg = Debug|Any CPU
		{FD2C8C8C-446F-4461-8E3A-D8A8587D49CA}.Debug|Any CPU.Build.0 = Debug|Any CPU
		{FD2C8C8C-446F-4461-8E3A-D8A8587D49CA}.Debug|x64.ActiveCfg = Debug|Any CPU
		{FD2C8C8C-446F-4461-8E3A-D8A8587D49CA}.Debug|x64.Build.0 = Debug|Any CPU
		{FD2C8C8C-446F-4461-8E3A-D8A8587D49CA}.Debug|x86.ActiveCfg = Debug|Any CPU
		{FD2C8C8C-446F-4461-8E3A-D8A8587D49CA}.Debug|x86.Build.0 = Debug|Any CPU
		{FD2C8C8C-446F-4461-8E3A-D8A8587D49CA}.Release|Any CPU.ActiveCfg = Release|Any CPU
		{FD2C8C8C-446F-4461-8E3A-D8A8587D49CA}.Release|Any CPU.Build.0 = Release|Any CPU
		{FD2C8C8C-446F-4461-8E3A-D8A8587D49CA}.Release|x64.ActiveCfg = Release|Any CPU
		{FD2C8C8C-446F-4461-8E3A-D8A8587D49CA}.Release|x64.Build.0 = Release|Any CPU
		{FD2C8C8C-446F-4461-8E3A-D8A8587D49CA}.Release|x86.ActiveCfg = Release|Any CPU
		{FD2C8C8C-446F-4461-8E3A-D8A8587D49CA}.Release|x86.Build.0 = Release|Any CPU
		{54A850B9-ED4D-4950-8C1F-1EF086ECA999}.Debug|Any CPU.ActiveCfg = Debug|Any CPU
		{54A850B9-ED4D-4950-8C1F-1EF086ECA999}.Debug|Any CPU.Build.0 = Debug|Any CPU
		{54A850B9-ED4D-4950-8C1F-1EF086ECA999}.Debug|x64.ActiveCfg = Debug|Any CPU
		{54A850B9-ED4D-4950-8C1F-1EF086ECA999}.Debug|x64.Build.0 = Debug|Any CPU
		{54A850B9-ED4D-4950-8C1F-1EF086ECA999}.Debug|x86.ActiveCfg = Debug|Any CPU
		{54A850B9-ED4D-4950-8C1F-1EF086ECA999}.Debug|x86.Build.0 = Debug|Any CPU
		{54A850B9-ED4D-4950-8C1F-1EF086ECA999}.Release|Any CPU.ActiveCfg = Release|Any CPU
		{54A850B9-ED4D-4950-8C1F-1EF086ECA999}.Release|Any CPU.Build.0 = Release|Any CPU
		{54A850B9-ED4D-4950-8C1F-1EF086ECA999}.Release|x64.ActiveCfg = Release|Any CPU
		{54A850B9-ED4D-4950-8C1F-1EF086ECA999}.Release|x64.Build.0 = Release|Any CPU
		{54A850B9-ED4D-4950-8C1F-1EF086ECA999}.Release|x86.ActiveCfg = Release|Any CPU
		{54A850B9-ED4D-4950-8C1F-1EF086ECA999}.Release|x86.Build.0 = Release|Any CPU
		{1918D848-B57B-4E4E-9C0F-6BFA19D573DB}.Debug|Any CPU.ActiveCfg = Debug|Any CPU
		{1918D848-B57B-4E4E-9C0F-6BFA19D573DB}.Debug|Any CPU.Build.0 = Debug|Any CPU
		{1918D848-B57B-4E4E-9C0F-6BFA19D573DB}.Debug|x64.ActiveCfg = Debug|Any CPU
		{1918D848-B57B-4E4E-9C0F-6BFA19D573DB}.Debug|x64.Build.0 = Debug|Any CPU
		{1918D848-B57B-4E4E-9C0F-6BFA19D573DB}.Debug|x86.ActiveCfg = Debug|Any CPU
		{1918D848-B57B-4E4E-9C0F-6BFA19D573DB}.Debug|x86.Build.0 = Debug|Any CPU
		{1918D848-B57B-4E4E-9C0F-6BFA19D573DB}.Release|Any CPU.ActiveCfg = Release|Any CPU
		{1918D848-B57B-4E4E-9C0F-6BFA19D573DB}.Release|Any CPU.Build.0 = Release|Any CPU
		{1918D848-B57B-4E4E-9C0F-6BFA19D573DB}.Release|x64.ActiveCfg = Release|Any CPU
		{1918D848-B57B-4E4E-9C0F-6BFA19D573DB}.Release|x64.Build.0 = Release|Any CPU
		{1918D848-B57B-4E4E-9C0F-6BFA19D573DB}.Release|x86.ActiveCfg = Release|Any CPU
		{1918D848-B57B-4E4E-9C0F-6BFA19D573DB}.Release|x86.Build.0 = Release|Any CPU
		{38B75116-B3E3-4659-89EB-57A3D320F351}.Debug|Any CPU.ActiveCfg = Debug|Any CPU
		{38B75116-B3E3-4659-89EB-57A3D320F351}.Debug|Any CPU.Build.0 = Debug|Any CPU
		{38B75116-B3E3-4659-89EB-57A3D320F351}.Debug|x64.ActiveCfg = Debug|Any CPU
		{38B75116-B3E3-4659-89EB-57A3D320F351}.Debug|x64.Build.0 = Debug|Any CPU
		{38B75116-B3E3-4659-89EB-57A3D320F351}.Debug|x86.ActiveCfg = Debug|Any CPU
		{38B75116-B3E3-4659-89EB-57A3D320F351}.Debug|x86.Build.0 = Debug|Any CPU
		{38B75116-B3E3-4659-89EB-57A3D320F351}.Release|Any CPU.ActiveCfg = Release|Any CPU
		{38B75116-B3E3-4659-89EB-57A3D320F351}.Release|Any CPU.Build.0 = Release|Any CPU
		{38B75116-B3E3-4659-89EB-57A3D320F351}.Release|x64.ActiveCfg = Release|Any CPU
		{38B75116-B3E3-4659-89EB-57A3D320F351}.Release|x64.Build.0 = Release|Any CPU
		{38B75116-B3E3-4659-89EB-57A3D320F351}.Release|x86.ActiveCfg = Release|Any CPU
		{38B75116-B3E3-4659-89EB-57A3D320F351}.Release|x86.Build.0 = Release|Any CPU
		{0312467B-4442-4BE5-9C22-9D0AFAC1C522}.Debug|Any CPU.ActiveCfg = Debug|Win32
		{0312467B-4442-4BE5-9C22-9D0AFAC1C522}.Debug|Any CPU.Build.0 = Debug|Win32
		{0312467B-4442-4BE5-9C22-9D0AFAC1C522}.Debug|x64.ActiveCfg = Debug|x64
		{0312467B-4442-4BE5-9C22-9D0AFAC1C522}.Debug|x64.Build.0 = Debug|x64
		{0312467B-4442-4BE5-9C22-9D0AFAC1C522}.Debug|x86.ActiveCfg = Debug|Win32
		{0312467B-4442-4BE5-9C22-9D0AFAC1C522}.Debug|x86.Build.0 = Debug|Win32
		{0312467B-4442-4BE5-9C22-9D0AFAC1C522}.Release|Any CPU.ActiveCfg = Release|Win32
		{0312467B-4442-4BE5-9C22-9D0AFAC1C522}.Release|Any CPU.Build.0 = Release|Win32
		{0312467B-4442-4BE5-9C22-9D0AFAC1C522}.Release|x64.ActiveCfg = Release|x64
		{0312467B-4442-4BE5-9C22-9D0AFAC1C522}.Release|x64.Build.0 = Release|x64
		{0312467B-4442-4BE5-9C22-9D0AFAC1C522}.Release|x86.ActiveCfg = Release|Win32
		{0312467B-4442-4BE5-9C22-9D0AFAC1C522}.Release|x86.Build.0 = Release|Win32
		{83F49E72-E6D2-4C06-96F7-B3C9AF6BCA3B}.Debug|Any CPU.ActiveCfg = Debug|Any CPU
		{83F49E72-E6D2-4C06-96F7-B3C9AF6BCA3B}.Debug|Any CPU.Build.0 = Debug|Any CPU
		{83F49E72-E6D2-4C06-96F7-B3C9AF6BCA3B}.Debug|x64.ActiveCfg = Debug|x64
		{83F49E72-E6D2-4C06-96F7-B3C9AF6BCA3B}.Debug|x64.Build.0 = Debug|x64
		{83F49E72-E6D2-4C06-96F7-B3C9AF6BCA3B}.Debug|x86.ActiveCfg = Debug|Any CPU
		{83F49E72-E6D2-4C06-96F7-B3C9AF6BCA3B}.Debug|x86.Build.0 = Debug|Any CPU
		{83F49E72-E6D2-4C06-96F7-B3C9AF6BCA3B}.Release|Any CPU.ActiveCfg = Release|Any CPU
		{83F49E72-E6D2-4C06-96F7-B3C9AF6BCA3B}.Release|Any CPU.Build.0 = Release|Any CPU
		{83F49E72-E6D2-4C06-96F7-B3C9AF6BCA3B}.Release|x64.ActiveCfg = Release|Any CPU
		{83F49E72-E6D2-4C06-96F7-B3C9AF6BCA3B}.Release|x64.Build.0 = Release|Any CPU
		{83F49E72-E6D2-4C06-96F7-B3C9AF6BCA3B}.Release|x86.ActiveCfg = Release|Any CPU
		{83F49E72-E6D2-4C06-96F7-B3C9AF6BCA3B}.Release|x86.Build.0 = Release|Any CPU
		{6CB29899-D7E8-484B-ACE9-A2FECEC1670B}.Debug|Any CPU.ActiveCfg = Debug|Win32
		{6CB29899-D7E8-484B-ACE9-A2FECEC1670B}.Debug|x64.ActiveCfg = Debug|x64
		{6CB29899-D7E8-484B-ACE9-A2FECEC1670B}.Debug|x64.Build.0 = Debug|x64
		{6CB29899-D7E8-484B-ACE9-A2FECEC1670B}.Debug|x86.ActiveCfg = Debug|Win32
		{6CB29899-D7E8-484B-ACE9-A2FECEC1670B}.Debug|x86.Build.0 = Debug|Win32
		{6CB29899-D7E8-484B-ACE9-A2FECEC1670B}.Release|Any CPU.ActiveCfg = Release|Win32
		{6CB29899-D7E8-484B-ACE9-A2FECEC1670B}.Release|x64.ActiveCfg = Release|x64
		{6CB29899-D7E8-484B-ACE9-A2FECEC1670B}.Release|x64.Build.0 = Release|x64
		{6CB29899-D7E8-484B-ACE9-A2FECEC1670B}.Release|x86.ActiveCfg = Release|Win32
		{6CB29899-D7E8-484B-ACE9-A2FECEC1670B}.Release|x86.Build.0 = Release|Win32
		{29A201CC-5A78-4339-AFD7-6EDBFB54BC9F}.Debug|Any CPU.ActiveCfg = Debug|Any CPU
		{29A201CC-5A78-4339-AFD7-6EDBFB54BC9F}.Debug|Any CPU.Build.0 = Debug|Any CPU
		{29A201CC-5A78-4339-AFD7-6EDBFB54BC9F}.Debug|x64.ActiveCfg = Debug|Any CPU
		{29A201CC-5A78-4339-AFD7-6EDBFB54BC9F}.Debug|x64.Build.0 = Debug|Any CPU
		{29A201CC-5A78-4339-AFD7-6EDBFB54BC9F}.Debug|x86.ActiveCfg = Debug|Any CPU
		{29A201CC-5A78-4339-AFD7-6EDBFB54BC9F}.Debug|x86.Build.0 = Debug|Any CPU
		{29A201CC-5A78-4339-AFD7-6EDBFB54BC9F}.Release|Any CPU.ActiveCfg = Release|Any CPU
		{29A201CC-5A78-4339-AFD7-6EDBFB54BC9F}.Release|Any CPU.Build.0 = Release|Any CPU
		{29A201CC-5A78-4339-AFD7-6EDBFB54BC9F}.Release|x64.ActiveCfg = Release|Any CPU
		{29A201CC-5A78-4339-AFD7-6EDBFB54BC9F}.Release|x64.Build.0 = Release|Any CPU
		{29A201CC-5A78-4339-AFD7-6EDBFB54BC9F}.Release|x86.ActiveCfg = Release|Any CPU
		{29A201CC-5A78-4339-AFD7-6EDBFB54BC9F}.Release|x86.Build.0 = Release|Any CPU
		{A00E1B0E-5845-4E9D-B946-9DAD8F0B0299}.Debug|Any CPU.ActiveCfg = Debug|Any CPU
		{A00E1B0E-5845-4E9D-B946-9DAD8F0B0299}.Debug|Any CPU.Build.0 = Debug|Any CPU
		{A00E1B0E-5845-4E9D-B946-9DAD8F0B0299}.Debug|x64.ActiveCfg = Debug|Any CPU
		{A00E1B0E-5845-4E9D-B946-9DAD8F0B0299}.Debug|x64.Build.0 = Debug|Any CPU
		{A00E1B0E-5845-4E9D-B946-9DAD8F0B0299}.Debug|x86.ActiveCfg = Debug|Any CPU
		{A00E1B0E-5845-4E9D-B946-9DAD8F0B0299}.Debug|x86.Build.0 = Debug|Any CPU
		{A00E1B0E-5845-4E9D-B946-9DAD8F0B0299}.Release|Any CPU.ActiveCfg = Release|Any CPU
		{A00E1B0E-5845-4E9D-B946-9DAD8F0B0299}.Release|Any CPU.Build.0 = Release|Any CPU
		{A00E1B0E-5845-4E9D-B946-9DAD8F0B0299}.Release|x64.ActiveCfg = Release|Any CPU
		{A00E1B0E-5845-4E9D-B946-9DAD8F0B0299}.Release|x64.Build.0 = Release|Any CPU
		{A00E1B0E-5845-4E9D-B946-9DAD8F0B0299}.Release|x86.ActiveCfg = Release|Any CPU
		{A00E1B0E-5845-4E9D-B946-9DAD8F0B0299}.Release|x86.Build.0 = Release|Any CPU
		{3E55FB68-80F3-43B9-A661-47AE0BB0A2CB}.Debug|Any CPU.ActiveCfg = Debug|Any CPU
		{3E55FB68-80F3-43B9-A661-47AE0BB0A2CB}.Debug|Any CPU.Build.0 = Debug|Any CPU
		{3E55FB68-80F3-43B9-A661-47AE0BB0A2CB}.Debug|x64.ActiveCfg = Debug|Any CPU
		{3E55FB68-80F3-43B9-A661-47AE0BB0A2CB}.Debug|x64.Build.0 = Debug|Any CPU
		{3E55FB68-80F3-43B9-A661-47AE0BB0A2CB}.Debug|x86.ActiveCfg = Debug|Any CPU
		{3E55FB68-80F3-43B9-A661-47AE0BB0A2CB}.Debug|x86.Build.0 = Debug|Any CPU
		{3E55FB68-80F3-43B9-A661-47AE0BB0A2CB}.Release|Any CPU.ActiveCfg = Release|Any CPU
		{3E55FB68-80F3-43B9-A661-47AE0BB0A2CB}.Release|Any CPU.Build.0 = Release|Any CPU
		{3E55FB68-80F3-43B9-A661-47AE0BB0A2CB}.Release|x64.ActiveCfg = Release|Any CPU
		{3E55FB68-80F3-43B9-A661-47AE0BB0A2CB}.Release|x64.Build.0 = Release|Any CPU
		{3E55FB68-80F3-43B9-A661-47AE0BB0A2CB}.Release|x86.ActiveCfg = Release|Any CPU
		{3E55FB68-80F3-43B9-A661-47AE0BB0A2CB}.Release|x86.Build.0 = Release|Any CPU
		{DD6FB3AC-C959-49B4-941A-83EC5F45220F}.Debug|Any CPU.ActiveCfg = Debug|Any CPU
		{DD6FB3AC-C959-49B4-941A-83EC5F45220F}.Debug|Any CPU.Build.0 = Debug|Any CPU
		{DD6FB3AC-C959-49B4-941A-83EC5F45220F}.Debug|x64.ActiveCfg = Debug|Any CPU
		{DD6FB3AC-C959-49B4-941A-83EC5F45220F}.Debug|x64.Build.0 = Debug|Any CPU
		{DD6FB3AC-C959-49B4-941A-83EC5F45220F}.Debug|x86.ActiveCfg = Debug|Any CPU
		{DD6FB3AC-C959-49B4-941A-83EC5F45220F}.Debug|x86.Build.0 = Debug|Any CPU
		{DD6FB3AC-C959-49B4-941A-83EC5F45220F}.Release|Any CPU.ActiveCfg = Release|Any CPU
		{DD6FB3AC-C959-49B4-941A-83EC5F45220F}.Release|Any CPU.Build.0 = Release|Any CPU
		{DD6FB3AC-C959-49B4-941A-83EC5F45220F}.Release|x64.ActiveCfg = Release|Any CPU
		{DD6FB3AC-C959-49B4-941A-83EC5F45220F}.Release|x64.Build.0 = Release|Any CPU
		{DD6FB3AC-C959-49B4-941A-83EC5F45220F}.Release|x86.ActiveCfg = Release|Any CPU
		{DD6FB3AC-C959-49B4-941A-83EC5F45220F}.Release|x86.Build.0 = Release|Any CPU
		{379461E0-90D0-48B5-A593-39173923EFD1}.Debug|Any CPU.ActiveCfg = Debug|Any CPU
		{379461E0-90D0-48B5-A593-39173923EFD1}.Debug|Any CPU.Build.0 = Debug|Any CPU
		{379461E0-90D0-48B5-A593-39173923EFD1}.Debug|x64.ActiveCfg = Debug|Any CPU
		{379461E0-90D0-48B5-A593-39173923EFD1}.Debug|x64.Build.0 = Debug|Any CPU
		{379461E0-90D0-48B5-A593-39173923EFD1}.Debug|x86.ActiveCfg = Debug|Any CPU
		{379461E0-90D0-48B5-A593-39173923EFD1}.Debug|x86.Build.0 = Debug|Any CPU
		{379461E0-90D0-48B5-A593-39173923EFD1}.Release|Any CPU.ActiveCfg = Release|Any CPU
		{379461E0-90D0-48B5-A593-39173923EFD1}.Release|Any CPU.Build.0 = Release|Any CPU
		{379461E0-90D0-48B5-A593-39173923EFD1}.Release|x64.ActiveCfg = Release|Any CPU
		{379461E0-90D0-48B5-A593-39173923EFD1}.Release|x64.Build.0 = Release|Any CPU
		{379461E0-90D0-48B5-A593-39173923EFD1}.Release|x86.ActiveCfg = Release|Any CPU
		{379461E0-90D0-48B5-A593-39173923EFD1}.Release|x86.Build.0 = Release|Any CPU
		{19317F37-18D8-4FE2-8866-D3B55FFAB3B7}.Debug|Any CPU.ActiveCfg = Debug|Any CPU
		{19317F37-18D8-4FE2-8866-D3B55FFAB3B7}.Debug|Any CPU.Build.0 = Debug|Any CPU
		{19317F37-18D8-4FE2-8866-D3B55FFAB3B7}.Debug|x64.ActiveCfg = Debug|Any CPU
		{19317F37-18D8-4FE2-8866-D3B55FFAB3B7}.Debug|x64.Build.0 = Debug|Any CPU
		{19317F37-18D8-4FE2-8866-D3B55FFAB3B7}.Debug|x86.ActiveCfg = Debug|Any CPU
		{19317F37-18D8-4FE2-8866-D3B55FFAB3B7}.Debug|x86.Build.0 = Debug|Any CPU
		{19317F37-18D8-4FE2-8866-D3B55FFAB3B7}.Release|Any CPU.ActiveCfg = Release|Any CPU
		{19317F37-18D8-4FE2-8866-D3B55FFAB3B7}.Release|Any CPU.Build.0 = Release|Any CPU
		{19317F37-18D8-4FE2-8866-D3B55FFAB3B7}.Release|x64.ActiveCfg = Release|Any CPU
		{19317F37-18D8-4FE2-8866-D3B55FFAB3B7}.Release|x64.Build.0 = Release|Any CPU
		{19317F37-18D8-4FE2-8866-D3B55FFAB3B7}.Release|x86.ActiveCfg = Release|Any CPU
		{19317F37-18D8-4FE2-8866-D3B55FFAB3B7}.Release|x86.Build.0 = Release|Any CPU
		{6D14A6EC-1922-4C03-88C3-FF4D70A48D2E}.Debug|Any CPU.ActiveCfg = Debug|Any CPU
		{6D14A6EC-1922-4C03-88C3-FF4D70A48D2E}.Debug|Any CPU.Build.0 = Debug|Any CPU
		{6D14A6EC-1922-4C03-88C3-FF4D70A48D2E}.Debug|x64.ActiveCfg = Debug|Any CPU
		{6D14A6EC-1922-4C03-88C3-FF4D70A48D2E}.Debug|x64.Build.0 = Debug|Any CPU
		{6D14A6EC-1922-4C03-88C3-FF4D70A48D2E}.Debug|x86.ActiveCfg = Debug|Any CPU
		{6D14A6EC-1922-4C03-88C3-FF4D70A48D2E}.Debug|x86.Build.0 = Debug|Any CPU
		{6D14A6EC-1922-4C03-88C3-FF4D70A48D2E}.Release|Any CPU.ActiveCfg = Release|Any CPU
		{6D14A6EC-1922-4C03-88C3-FF4D70A48D2E}.Release|Any CPU.Build.0 = Release|Any CPU
		{6D14A6EC-1922-4C03-88C3-FF4D70A48D2E}.Release|x64.ActiveCfg = Release|Any CPU
		{6D14A6EC-1922-4C03-88C3-FF4D70A48D2E}.Release|x64.Build.0 = Release|Any CPU
		{6D14A6EC-1922-4C03-88C3-FF4D70A48D2E}.Release|x86.ActiveCfg = Release|Any CPU
		{6D14A6EC-1922-4C03-88C3-FF4D70A48D2E}.Release|x86.Build.0 = Release|Any CPU
		{76874A36-8E2D-4CF5-9A4A-3B75C6A86626}.Debug|Any CPU.ActiveCfg = Debug|Any CPU
		{76874A36-8E2D-4CF5-9A4A-3B75C6A86626}.Debug|Any CPU.Build.0 = Debug|Any CPU
		{76874A36-8E2D-4CF5-9A4A-3B75C6A86626}.Debug|x64.ActiveCfg = Debug|Any CPU
		{76874A36-8E2D-4CF5-9A4A-3B75C6A86626}.Debug|x64.Build.0 = Debug|Any CPU
		{76874A36-8E2D-4CF5-9A4A-3B75C6A86626}.Debug|x86.ActiveCfg = Debug|Any CPU
		{76874A36-8E2D-4CF5-9A4A-3B75C6A86626}.Debug|x86.Build.0 = Debug|Any CPU
		{76874A36-8E2D-4CF5-9A4A-3B75C6A86626}.Release|Any CPU.ActiveCfg = Release|Any CPU
		{76874A36-8E2D-4CF5-9A4A-3B75C6A86626}.Release|Any CPU.Build.0 = Release|Any CPU
		{76874A36-8E2D-4CF5-9A4A-3B75C6A86626}.Release|x64.ActiveCfg = Release|Any CPU
		{76874A36-8E2D-4CF5-9A4A-3B75C6A86626}.Release|x64.Build.0 = Release|Any CPU
		{76874A36-8E2D-4CF5-9A4A-3B75C6A86626}.Release|x86.ActiveCfg = Release|Any CPU
		{76874A36-8E2D-4CF5-9A4A-3B75C6A86626}.Release|x86.Build.0 = Release|Any CPU
		{05CA06D1-4ED9-4BC6-BBA2-4EADC49ED2AE}.Debug|Any CPU.ActiveCfg = Debug|Any CPU
		{05CA06D1-4ED9-4BC6-BBA2-4EADC49ED2AE}.Debug|Any CPU.Build.0 = Debug|Any CPU
		{05CA06D1-4ED9-4BC6-BBA2-4EADC49ED2AE}.Debug|x64.ActiveCfg = Debug|Any CPU
		{05CA06D1-4ED9-4BC6-BBA2-4EADC49ED2AE}.Debug|x64.Build.0 = Debug|Any CPU
		{05CA06D1-4ED9-4BC6-BBA2-4EADC49ED2AE}.Debug|x86.ActiveCfg = Debug|Any CPU
		{05CA06D1-4ED9-4BC6-BBA2-4EADC49ED2AE}.Debug|x86.Build.0 = Debug|Any CPU
		{05CA06D1-4ED9-4BC6-BBA2-4EADC49ED2AE}.Release|Any CPU.ActiveCfg = Release|Any CPU
		{05CA06D1-4ED9-4BC6-BBA2-4EADC49ED2AE}.Release|Any CPU.Build.0 = Release|Any CPU
		{05CA06D1-4ED9-4BC6-BBA2-4EADC49ED2AE}.Release|x64.ActiveCfg = Release|Any CPU
		{05CA06D1-4ED9-4BC6-BBA2-4EADC49ED2AE}.Release|x64.Build.0 = Release|Any CPU
		{05CA06D1-4ED9-4BC6-BBA2-4EADC49ED2AE}.Release|x86.ActiveCfg = Release|Any CPU
		{05CA06D1-4ED9-4BC6-BBA2-4EADC49ED2AE}.Release|x86.Build.0 = Release|Any CPU
	EndGlobalSection
	GlobalSection(SolutionProperties) = preSolution
		HideSolutionNode = FALSE
	EndGlobalSection
	GlobalSection(NestedProjects) = preSolution
		{6D14A6EC-1922-4C03-88C3-FF4D70A48D2E} = {B593D92E-7658-4242-A04E-E4A21C158882}
		{76874A36-8E2D-4CF5-9A4A-3B75C6A86626} = {B593D92E-7658-4242-A04E-E4A21C158882}
		{05CA06D1-4ED9-4BC6-BBA2-4EADC49ED2AE} = {B593D92E-7658-4242-A04E-E4A21C158882}
	EndGlobalSection
	GlobalSection(ExtensibilityGlobals) = postSolution
		SolutionGuid = {B8C798CE-D354-4653-9281-21DE436B6288}
	EndGlobalSection
EndGlobal
