
Microsoft Visual Studio Solution File, Format Version 12.00
# Visual Studio Version 16
VisualStudioVersion = 16.0.29806.167
MinimumVisualStudioVersion = 10.0.40219.1
Project("{F2A71F9B-5D33-465A-A702-920D77279786}") = "FSharpConsoleApp", "FSharpConsoleApp.fsproj", "{557EA1B7-33BA-429F-8545-2CC8F69F1660}"
EndProject
Project("{FAE04EC0-301F-11D3-BF4B-00C04F79EFBC}") = "CSharpConsoleApp", "CSharpConsoleApp\CSharpConsoleApp.csproj", "{6D68082D-1C8E-4F2F-B8A2-12D262B0240B}"
EndProject
Global
	GlobalSection(SolutionConfigurationPlatforms) = preSolution
		Debug|Any CPU = Debug|Any CPU
		Release|Any CPU = Release|Any CPU
	EndGlobalSection
	GlobalSection(ProjectConfigurationPlatforms) = postSolution
		{557EA1B7-33BA-429F-8545-2CC8F69F1660}.Debug|Any CPU.ActiveCfg = Debug|Any CPU
		{557EA1B7-33BA-429F-8545-2CC8F69F1660}.Debug|Any CPU.Build.0 = Debug|Any CPU
		{557EA1B7-33BA-429F-8545-2CC8F69F1660}.Release|Any CPU.ActiveCfg = Release|Any CPU
		{557EA1B7-33BA-429F-8545-2CC8F69F1660}.Release|Any CPU.Build.0 = Release|Any CPU
		{6D68082D-1C8E-4F2F-B8A2-12D262B0240B}.Debug|Any CPU.ActiveCfg = Debug|Any CPU
		{6D68082D-1C8E-4F2F-B8A2-12D262B0240B}.Debug|Any CPU.Build.0 = Debug|Any CPU
		{6D68082D-1C8E-4F2F-B8A2-12D262B0240B}.Release|Any CPU.ActiveCfg = Release|Any CPU
		{6D68082D-1C8E-4F2F-B8A2-12D262B0240B}.Release|Any CPU.Build.0 = Release|Any CPU
	EndGlobalSection
	GlobalSection(SolutionProperties) = preSolution
		HideSolutionNode = FALSE
	EndGlobalSection
	GlobalSection(ExtensibilityGlobals) = postSolution
		SolutionGuid = {CE63210F-1A2F-4930-86F2-4604BBFE08D3}
	EndGlobalSection
EndGlobal
